
Microsoft Visual Studio Solution File, Format Version 12.00
# Visual Studio 2012
Project("{FAE04EC0-301F-11D3-BF4B-00C04F79EFBC}") = "GravWalker.Main", "GravWalker.Main\GravWalker.Main.csproj", "{A53E1AD9-D444-4113-B752-BA8264BA8611}"
EndProject
Project("{FAE04EC0-301F-11D3-BF4B-00C04F79EFBC}") = "GravWalker.Content", "GravWalker.Content\GravWalker.Content.contentproj", "{D604E10A-44D3-4468-85DB-AE30F17FA255}"
EndProject
Project("{FAE04EC0-301F-11D3-BF4B-00C04F79EFBC}") = "GravWalker.Mono.Windows", "GravWalker.Mono.Windows\GravWalker.Mono.Windows.csproj", "{6519C949-AC4D-4D2B-9FC1-CD4933009D74}"
EndProject
Project("{2150E333-8FDC-42A3-9474-1A3956D46DE8}") = "TiledLib", "TiledLib", "{8CDDE9B1-0E23-48AC-87C9-ABA76CE31ECA}"
EndProject
Project("{FAE04EC0-301F-11D3-BF4B-00C04F79EFBC}") = "TiledLib", "TiledLib\TiledLib.csproj", "{09FA048F-F6A1-4611-8765-6FD6A9792136}"
EndProject
Project("{FAE04EC0-301F-11D3-BF4B-00C04F79EFBC}") = "TiledLib.MonoLinux", "TiledLib.MonoLinux\TiledLib.MonoLinux.csproj", "{D70BC9B4-1F48-4D64-AAB4-615B1292FE74}"
EndProject
Project("{FAE04EC0-301F-11D3-BF4B-00C04F79EFBC}") = "TiledLib.MonoWindows", "TiledLib.MonoWindows\TiledLib.MonoWindows.csproj", "{F311C413-E175-485E-8A93-799AB971CA09}"
EndProject
Project("{FAE04EC0-301F-11D3-BF4B-00C04F79EFBC}") = "TiledLib.MonoWindows8", "TiledLib.MonoWindows8\TiledLib.MonoWindows8.csproj", "{44FAB0AC-73C8-459D-AAF8-2257C4BAF5F4}"
EndProject
Project("{FAE04EC0-301F-11D3-BF4B-00C04F79EFBC}") = "TiledContentPipeline", "TiledContentPipeline\TiledContentPipeline.csproj", "{73AE0F55-4559-4F4A-9D84-819B63951AB3}"
EndProject
Project("{FAE04EC0-301F-11D3-BF4B-00C04F79EFBC}") = "GravWalker.Mono.Windows8", "GravWalker.Mono.Windows8\GravWalker.Mono.Windows8.csproj", "{FACBC1E5-1AEC-4E77-8E98-564FC3CBF074}"
EndProject
Project("{FAE04EC0-301F-11D3-BF4B-00C04F79EFBC}") = "GravWalker.Mono.Linux", "GravWalker.Mono.Linux\GravWalker.Mono.Linux.csproj", "{2629F25E-A5EB-45DA-B963-E94A0E5A785B}"
EndProject
Global
	GlobalSection(SolutionConfigurationPlatforms) = preSolution
		Android|Any CPU = Android|Any CPU
		Android|ARM = Android|ARM
		Android|Mixed Platforms = Android|Mixed Platforms
		Android|Windows Phone = Android|Windows Phone
		Android|x64 = Android|x64
		Android|x86 = Android|x86
		Debug|Any CPU = Debug|Any CPU
		Debug|ARM = Debug|ARM
		Debug|Mixed Platforms = Debug|Mixed Platforms
		Debug|Windows Phone = Debug|Windows Phone
		Debug|x64 = Debug|x64
		Debug|x86 = Debug|x86
		iOS|Any CPU = iOS|Any CPU
		iOS|ARM = iOS|ARM
		iOS|Mixed Platforms = iOS|Mixed Platforms
		iOS|Windows Phone = iOS|Windows Phone
		iOS|x64 = iOS|x64
		iOS|x86 = iOS|x86
		Linux|Any CPU = Linux|Any CPU
		Linux|ARM = Linux|ARM
		Linux|Mixed Platforms = Linux|Mixed Platforms
		Linux|Windows Phone = Linux|Windows Phone
		Linux|x64 = Linux|x64
		Linux|x86 = Linux|x86
		OSX|Any CPU = OSX|Any CPU
		OSX|ARM = OSX|ARM
		OSX|Mixed Platforms = OSX|Mixed Platforms
		OSX|Windows Phone = OSX|Windows Phone
		OSX|x64 = OSX|x64
		OSX|x86 = OSX|x86
		PSM|Any CPU = PSM|Any CPU
		PSM|ARM = PSM|ARM
		PSM|Mixed Platforms = PSM|Mixed Platforms
		PSM|Windows Phone = PSM|Windows Phone
		PSM|x64 = PSM|x64
		PSM|x86 = PSM|x86
		Release|Any CPU = Release|Any CPU
		Release|ARM = Release|ARM
		Release|Mixed Platforms = Release|Mixed Platforms
		Release|Windows Phone = Release|Windows Phone
		Release|x64 = Release|x64
		Release|x86 = Release|x86
		Windows|Any CPU = Windows|Any CPU
		Windows|ARM = Windows|ARM
		Windows|Mixed Platforms = Windows|Mixed Platforms
		Windows|Windows Phone = Windows|Windows Phone
		Windows|x64 = Windows|x64
		Windows|x86 = Windows|x86
		Windows8|Any CPU = Windows8|Any CPU
		Windows8|ARM = Windows8|ARM
		Windows8|Mixed Platforms = Windows8|Mixed Platforms
		Windows8|Windows Phone = Windows8|Windows Phone
		Windows8|x64 = Windows8|x64
		Windows8|x86 = Windows8|x86
	EndGlobalSection
	GlobalSection(ProjectConfigurationPlatforms) = postSolution
		{A53E1AD9-D444-4113-B752-BA8264BA8611}.Android|Any CPU.ActiveCfg = Release|Windows Phone
		{A53E1AD9-D444-4113-B752-BA8264BA8611}.Android|ARM.ActiveCfg = Release|Windows Phone
		{A53E1AD9-D444-4113-B752-BA8264BA8611}.Android|Mixed Platforms.ActiveCfg = Release|Windows Phone
		{A53E1AD9-D444-4113-B752-BA8264BA8611}.Android|Mixed Platforms.Build.0 = Release|Windows Phone
		{A53E1AD9-D444-4113-B752-BA8264BA8611}.Android|Windows Phone.ActiveCfg = Release|Windows Phone
		{A53E1AD9-D444-4113-B752-BA8264BA8611}.Android|Windows Phone.Build.0 = Release|Windows Phone
		{A53E1AD9-D444-4113-B752-BA8264BA8611}.Android|x64.ActiveCfg = Release|Windows Phone
		{A53E1AD9-D444-4113-B752-BA8264BA8611}.Android|x86.ActiveCfg = Release|Windows Phone
		{A53E1AD9-D444-4113-B752-BA8264BA8611}.Debug|Any CPU.ActiveCfg = Debug|Windows Phone
		{A53E1AD9-D444-4113-B752-BA8264BA8611}.Debug|ARM.ActiveCfg = Debug|Windows Phone
		{A53E1AD9-D444-4113-B752-BA8264BA8611}.Debug|Mixed Platforms.ActiveCfg = Debug|Windows Phone
		{A53E1AD9-D444-4113-B752-BA8264BA8611}.Debug|Mixed Platforms.Build.0 = Debug|Windows Phone
		{A53E1AD9-D444-4113-B752-BA8264BA8611}.Debug|Windows Phone.ActiveCfg = Debug|Windows Phone
		{A53E1AD9-D444-4113-B752-BA8264BA8611}.Debug|Windows Phone.Build.0 = Debug|Windows Phone
		{A53E1AD9-D444-4113-B752-BA8264BA8611}.Debug|x64.ActiveCfg = Debug|Windows Phone
		{A53E1AD9-D444-4113-B752-BA8264BA8611}.Debug|x86.ActiveCfg = Debug|Windows Phone
		{A53E1AD9-D444-4113-B752-BA8264BA8611}.iOS|Any CPU.ActiveCfg = Release|Windows Phone
		{A53E1AD9-D444-4113-B752-BA8264BA8611}.iOS|ARM.ActiveCfg = Release|Windows Phone
		{A53E1AD9-D444-4113-B752-BA8264BA8611}.iOS|Mixed Platforms.ActiveCfg = Release|Windows Phone
		{A53E1AD9-D444-4113-B752-BA8264BA8611}.iOS|Mixed Platforms.Build.0 = Release|Windows Phone
		{A53E1AD9-D444-4113-B752-BA8264BA8611}.iOS|Windows Phone.ActiveCfg = Release|Windows Phone
		{A53E1AD9-D444-4113-B752-BA8264BA8611}.iOS|Windows Phone.Build.0 = Release|Windows Phone
		{A53E1AD9-D444-4113-B752-BA8264BA8611}.iOS|x64.ActiveCfg = Release|Windows Phone
		{A53E1AD9-D444-4113-B752-BA8264BA8611}.iOS|x86.ActiveCfg = Release|Windows Phone
		{A53E1AD9-D444-4113-B752-BA8264BA8611}.Linux|Any CPU.ActiveCfg = Release|Windows Phone
		{A53E1AD9-D444-4113-B752-BA8264BA8611}.Linux|ARM.ActiveCfg = Release|Windows Phone
		{A53E1AD9-D444-4113-B752-BA8264BA8611}.Linux|Mixed Platforms.ActiveCfg = Release|Windows Phone
		{A53E1AD9-D444-4113-B752-BA8264BA8611}.Linux|Mixed Platforms.Build.0 = Release|Windows Phone
		{A53E1AD9-D444-4113-B752-BA8264BA8611}.Linux|Windows Phone.ActiveCfg = Release|Windows Phone
		{A53E1AD9-D444-4113-B752-BA8264BA8611}.Linux|Windows Phone.Build.0 = Release|Windows Phone
		{A53E1AD9-D444-4113-B752-BA8264BA8611}.Linux|x64.ActiveCfg = Release|Windows Phone
		{A53E1AD9-D444-4113-B752-BA8264BA8611}.Linux|x86.ActiveCfg = Release|Windows Phone
		{A53E1AD9-D444-4113-B752-BA8264BA8611}.OSX|Any CPU.ActiveCfg = Release|Windows Phone
		{A53E1AD9-D444-4113-B752-BA8264BA8611}.OSX|ARM.ActiveCfg = Release|Windows Phone
		{A53E1AD9-D444-4113-B752-BA8264BA8611}.OSX|Mixed Platforms.ActiveCfg = Release|Windows Phone
		{A53E1AD9-D444-4113-B752-BA8264BA8611}.OSX|Mixed Platforms.Build.0 = Release|Windows Phone
		{A53E1AD9-D444-4113-B752-BA8264BA8611}.OSX|Windows Phone.ActiveCfg = Release|Windows Phone
		{A53E1AD9-D444-4113-B752-BA8264BA8611}.OSX|Windows Phone.Build.0 = Release|Windows Phone
		{A53E1AD9-D444-4113-B752-BA8264BA8611}.OSX|x64.ActiveCfg = Release|Windows Phone
		{A53E1AD9-D444-4113-B752-BA8264BA8611}.OSX|x86.ActiveCfg = Release|Windows Phone
		{A53E1AD9-D444-4113-B752-BA8264BA8611}.PSM|Any CPU.ActiveCfg = Release|Windows Phone
		{A53E1AD9-D444-4113-B752-BA8264BA8611}.PSM|ARM.ActiveCfg = Release|Windows Phone
		{A53E1AD9-D444-4113-B752-BA8264BA8611}.PSM|Mixed Platforms.ActiveCfg = Release|Windows Phone
		{A53E1AD9-D444-4113-B752-BA8264BA8611}.PSM|Mixed Platforms.Build.0 = Release|Windows Phone
		{A53E1AD9-D444-4113-B752-BA8264BA8611}.PSM|Windows Phone.ActiveCfg = Release|Windows Phone
		{A53E1AD9-D444-4113-B752-BA8264BA8611}.PSM|Windows Phone.Build.0 = Release|Windows Phone
		{A53E1AD9-D444-4113-B752-BA8264BA8611}.PSM|x64.ActiveCfg = Release|Windows Phone
		{A53E1AD9-D444-4113-B752-BA8264BA8611}.PSM|x86.ActiveCfg = Release|Windows Phone
		{A53E1AD9-D444-4113-B752-BA8264BA8611}.Release|Any CPU.ActiveCfg = Release|Windows Phone
		{A53E1AD9-D444-4113-B752-BA8264BA8611}.Release|ARM.ActiveCfg = Release|Windows Phone
		{A53E1AD9-D444-4113-B752-BA8264BA8611}.Release|Mixed Platforms.ActiveCfg = Release|Windows Phone
		{A53E1AD9-D444-4113-B752-BA8264BA8611}.Release|Mixed Platforms.Build.0 = Release|Windows Phone
		{A53E1AD9-D444-4113-B752-BA8264BA8611}.Release|Windows Phone.ActiveCfg = Release|Windows Phone
		{A53E1AD9-D444-4113-B752-BA8264BA8611}.Release|Windows Phone.Build.0 = Release|Windows Phone
		{A53E1AD9-D444-4113-B752-BA8264BA8611}.Release|x64.ActiveCfg = Release|Windows Phone
		{A53E1AD9-D444-4113-B752-BA8264BA8611}.Release|x86.ActiveCfg = Release|Windows Phone
		{A53E1AD9-D444-4113-B752-BA8264BA8611}.Windows|Any CPU.ActiveCfg = Release|Windows Phone
		{A53E1AD9-D444-4113-B752-BA8264BA8611}.Windows|ARM.ActiveCfg = Release|Windows Phone
		{A53E1AD9-D444-4113-B752-BA8264BA8611}.Windows|Mixed Platforms.ActiveCfg = Release|Windows Phone
		{A53E1AD9-D444-4113-B752-BA8264BA8611}.Windows|Mixed Platforms.Build.0 = Release|Windows Phone
		{A53E1AD9-D444-4113-B752-BA8264BA8611}.Windows|Windows Phone.ActiveCfg = Release|Windows Phone
		{A53E1AD9-D444-4113-B752-BA8264BA8611}.Windows|Windows Phone.Build.0 = Release|Windows Phone
		{A53E1AD9-D444-4113-B752-BA8264BA8611}.Windows|x64.ActiveCfg = Release|Windows Phone
		{A53E1AD9-D444-4113-B752-BA8264BA8611}.Windows|x86.ActiveCfg = Release|Windows Phone
		{A53E1AD9-D444-4113-B752-BA8264BA8611}.Windows8|Any CPU.ActiveCfg = Release|Windows Phone
		{A53E1AD9-D444-4113-B752-BA8264BA8611}.Windows8|ARM.ActiveCfg = Release|Windows Phone
		{A53E1AD9-D444-4113-B752-BA8264BA8611}.Windows8|Mixed Platforms.ActiveCfg = Release|Windows Phone
		{A53E1AD9-D444-4113-B752-BA8264BA8611}.Windows8|Mixed Platforms.Build.0 = Release|Windows Phone
		{A53E1AD9-D444-4113-B752-BA8264BA8611}.Windows8|Windows Phone.ActiveCfg = Release|Windows Phone
		{A53E1AD9-D444-4113-B752-BA8264BA8611}.Windows8|Windows Phone.Build.0 = Release|Windows Phone
		{A53E1AD9-D444-4113-B752-BA8264BA8611}.Windows8|x64.ActiveCfg = Release|Windows Phone
		{A53E1AD9-D444-4113-B752-BA8264BA8611}.Windows8|x86.ActiveCfg = Release|Windows Phone
		{D604E10A-44D3-4468-85DB-AE30F17FA255}.Android|Any CPU.ActiveCfg = Debug|Any CPU
		{D604E10A-44D3-4468-85DB-AE30F17FA255}.Android|ARM.ActiveCfg = Debug|Any CPU
		{D604E10A-44D3-4468-85DB-AE30F17FA255}.Android|Mixed Platforms.ActiveCfg = Debug|Any CPU
		{D604E10A-44D3-4468-85DB-AE30F17FA255}.Android|Windows Phone.ActiveCfg = Debug|Any CPU
		{D604E10A-44D3-4468-85DB-AE30F17FA255}.Android|x64.ActiveCfg = Debug|Any CPU
		{D604E10A-44D3-4468-85DB-AE30F17FA255}.Android|x86.ActiveCfg = Debug|Any CPU
		{D604E10A-44D3-4468-85DB-AE30F17FA255}.Debug|Any CPU.ActiveCfg = Debug|Any CPU
		{D604E10A-44D3-4468-85DB-AE30F17FA255}.Debug|ARM.ActiveCfg = Debug|Any CPU
		{D604E10A-44D3-4468-85DB-AE30F17FA255}.Debug|Mixed Platforms.ActiveCfg = Debug|Any CPU
		{D604E10A-44D3-4468-85DB-AE30F17FA255}.Debug|Windows Phone.ActiveCfg = Debug|Any CPU
		{D604E10A-44D3-4468-85DB-AE30F17FA255}.Debug|x64.ActiveCfg = Debug|Any CPU
		{D604E10A-44D3-4468-85DB-AE30F17FA255}.Debug|x86.ActiveCfg = Debug|Any CPU
		{D604E10A-44D3-4468-85DB-AE30F17FA255}.iOS|Any CPU.ActiveCfg = Debug|Any CPU
		{D604E10A-44D3-4468-85DB-AE30F17FA255}.iOS|ARM.ActiveCfg = Debug|Any CPU
		{D604E10A-44D3-4468-85DB-AE30F17FA255}.iOS|Mixed Platforms.ActiveCfg = Debug|Any CPU
		{D604E10A-44D3-4468-85DB-AE30F17FA255}.iOS|Windows Phone.ActiveCfg = Debug|Any CPU
		{D604E10A-44D3-4468-85DB-AE30F17FA255}.iOS|x64.ActiveCfg = Debug|Any CPU
		{D604E10A-44D3-4468-85DB-AE30F17FA255}.iOS|x86.ActiveCfg = Debug|Any CPU
		{D604E10A-44D3-4468-85DB-AE30F17FA255}.Linux|Any CPU.ActiveCfg = Debug|Any CPU
		{D604E10A-44D3-4468-85DB-AE30F17FA255}.Linux|ARM.ActiveCfg = Debug|Any CPU
		{D604E10A-44D3-4468-85DB-AE30F17FA255}.Linux|Mixed Platforms.ActiveCfg = Debug|Any CPU
		{D604E10A-44D3-4468-85DB-AE30F17FA255}.Linux|Windows Phone.ActiveCfg = Debug|Any CPU
		{D604E10A-44D3-4468-85DB-AE30F17FA255}.Linux|x64.ActiveCfg = Debug|Any CPU
		{D604E10A-44D3-4468-85DB-AE30F17FA255}.Linux|x86.ActiveCfg = Debug|Any CPU
		{D604E10A-44D3-4468-85DB-AE30F17FA255}.OSX|Any CPU.ActiveCfg = Debug|Any CPU
		{D604E10A-44D3-4468-85DB-AE30F17FA255}.OSX|ARM.ActiveCfg = Debug|Any CPU
		{D604E10A-44D3-4468-85DB-AE30F17FA255}.OSX|Mixed Platforms.ActiveCfg = Debug|Any CPU
		{D604E10A-44D3-4468-85DB-AE30F17FA255}.OSX|Windows Phone.ActiveCfg = Debug|Any CPU
		{D604E10A-44D3-4468-85DB-AE30F17FA255}.OSX|x64.ActiveCfg = Debug|Any CPU
		{D604E10A-44D3-4468-85DB-AE30F17FA255}.OSX|x86.ActiveCfg = Debug|Any CPU
		{D604E10A-44D3-4468-85DB-AE30F17FA255}.PSM|Any CPU.ActiveCfg = Debug|Any CPU
		{D604E10A-44D3-4468-85DB-AE30F17FA255}.PSM|ARM.ActiveCfg = Debug|Any CPU
		{D604E10A-44D3-4468-85DB-AE30F17FA255}.PSM|Mixed Platforms.ActiveCfg = Debug|Any CPU
		{D604E10A-44D3-4468-85DB-AE30F17FA255}.PSM|Windows Phone.ActiveCfg = Debug|Any CPU
		{D604E10A-44D3-4468-85DB-AE30F17FA255}.PSM|x64.ActiveCfg = Debug|Any CPU
		{D604E10A-44D3-4468-85DB-AE30F17FA255}.PSM|x86.ActiveCfg = Debug|Any CPU
		{D604E10A-44D3-4468-85DB-AE30F17FA255}.Release|Any CPU.ActiveCfg = Debug|Any CPU
		{D604E10A-44D3-4468-85DB-AE30F17FA255}.Release|ARM.ActiveCfg = Debug|Any CPU
		{D604E10A-44D3-4468-85DB-AE30F17FA255}.Release|Mixed Platforms.ActiveCfg = Debug|Any CPU
		{D604E10A-44D3-4468-85DB-AE30F17FA255}.Release|Windows Phone.ActiveCfg = Debug|Any CPU
		{D604E10A-44D3-4468-85DB-AE30F17FA255}.Release|x64.ActiveCfg = Debug|Any CPU
		{D604E10A-44D3-4468-85DB-AE30F17FA255}.Release|x86.ActiveCfg = Debug|Any CPU
		{D604E10A-44D3-4468-85DB-AE30F17FA255}.Windows|Any CPU.ActiveCfg = Debug|Any CPU
		{D604E10A-44D3-4468-85DB-AE30F17FA255}.Windows|ARM.ActiveCfg = Debug|Any CPU
		{D604E10A-44D3-4468-85DB-AE30F17FA255}.Windows|Mixed Platforms.ActiveCfg = Debug|Any CPU
		{D604E10A-44D3-4468-85DB-AE30F17FA255}.Windows|Windows Phone.ActiveCfg = Debug|Any CPU
		{D604E10A-44D3-4468-85DB-AE30F17FA255}.Windows|x64.ActiveCfg = Debug|Any CPU
		{D604E10A-44D3-4468-85DB-AE30F17FA255}.Windows|x86.ActiveCfg = Debug|Any CPU
		{D604E10A-44D3-4468-85DB-AE30F17FA255}.Windows8|Any CPU.ActiveCfg = Debug|Any CPU
		{D604E10A-44D3-4468-85DB-AE30F17FA255}.Windows8|ARM.ActiveCfg = Debug|Any CPU
		{D604E10A-44D3-4468-85DB-AE30F17FA255}.Windows8|Mixed Platforms.ActiveCfg = Debug|Any CPU
		{D604E10A-44D3-4468-85DB-AE30F17FA255}.Windows8|Windows Phone.ActiveCfg = Debug|Any CPU
		{D604E10A-44D3-4468-85DB-AE30F17FA255}.Windows8|x64.ActiveCfg = Debug|Any CPU
		{D604E10A-44D3-4468-85DB-AE30F17FA255}.Windows8|x86.ActiveCfg = Debug|Any CPU
		{6519C949-AC4D-4D2B-9FC1-CD4933009D74}.Android|Any CPU.ActiveCfg = Release|Any CPU
		{6519C949-AC4D-4D2B-9FC1-CD4933009D74}.Android|Any CPU.Build.0 = Release|Any CPU
		{6519C949-AC4D-4D2B-9FC1-CD4933009D74}.Android|ARM.ActiveCfg = Release|Any CPU
		{6519C949-AC4D-4D2B-9FC1-CD4933009D74}.Android|Mixed Platforms.ActiveCfg = Release|Any CPU
		{6519C949-AC4D-4D2B-9FC1-CD4933009D74}.Android|Mixed Platforms.Build.0 = Release|Any CPU
		{6519C949-AC4D-4D2B-9FC1-CD4933009D74}.Android|Windows Phone.ActiveCfg = Release|Any CPU
		{6519C949-AC4D-4D2B-9FC1-CD4933009D74}.Android|x64.ActiveCfg = Release|Any CPU
		{6519C949-AC4D-4D2B-9FC1-CD4933009D74}.Android|x86.ActiveCfg = Release|Any CPU
		{6519C949-AC4D-4D2B-9FC1-CD4933009D74}.Debug|Any CPU.ActiveCfg = Debug|Any CPU
		{6519C949-AC4D-4D2B-9FC1-CD4933009D74}.Debug|Any CPU.Build.0 = Debug|Any CPU
		{6519C949-AC4D-4D2B-9FC1-CD4933009D74}.Debug|ARM.ActiveCfg = Debug|Any CPU
		{6519C949-AC4D-4D2B-9FC1-CD4933009D74}.Debug|Mixed Platforms.ActiveCfg = Debug|Any CPU
		{6519C949-AC4D-4D2B-9FC1-CD4933009D74}.Debug|Mixed Platforms.Build.0 = Debug|Any CPU
		{6519C949-AC4D-4D2B-9FC1-CD4933009D74}.Debug|Windows Phone.ActiveCfg = Debug|Any CPU
		{6519C949-AC4D-4D2B-9FC1-CD4933009D74}.Debug|x64.ActiveCfg = Debug|Any CPU
		{6519C949-AC4D-4D2B-9FC1-CD4933009D74}.Debug|x86.ActiveCfg = Debug|Any CPU
		{6519C949-AC4D-4D2B-9FC1-CD4933009D74}.iOS|Any CPU.ActiveCfg = Release|Any CPU
		{6519C949-AC4D-4D2B-9FC1-CD4933009D74}.iOS|Any CPU.Build.0 = Release|Any CPU
		{6519C949-AC4D-4D2B-9FC1-CD4933009D74}.iOS|ARM.ActiveCfg = Release|Any CPU
		{6519C949-AC4D-4D2B-9FC1-CD4933009D74}.iOS|Mixed Platforms.ActiveCfg = Release|Any CPU
		{6519C949-AC4D-4D2B-9FC1-CD4933009D74}.iOS|Mixed Platforms.Build.0 = Release|Any CPU
		{6519C949-AC4D-4D2B-9FC1-CD4933009D74}.iOS|Windows Phone.ActiveCfg = Release|Any CPU
		{6519C949-AC4D-4D2B-9FC1-CD4933009D74}.iOS|x64.ActiveCfg = Release|Any CPU
		{6519C949-AC4D-4D2B-9FC1-CD4933009D74}.iOS|x86.ActiveCfg = Release|Any CPU
		{6519C949-AC4D-4D2B-9FC1-CD4933009D74}.Linux|Any CPU.ActiveCfg = Release|Any CPU
		{6519C949-AC4D-4D2B-9FC1-CD4933009D74}.Linux|Any CPU.Build.0 = Release|Any CPU
		{6519C949-AC4D-4D2B-9FC1-CD4933009D74}.Linux|ARM.ActiveCfg = Release|Any CPU
		{6519C949-AC4D-4D2B-9FC1-CD4933009D74}.Linux|Mixed Platforms.ActiveCfg = Release|Any CPU
		{6519C949-AC4D-4D2B-9FC1-CD4933009D74}.Linux|Mixed Platforms.Build.0 = Release|Any CPU
		{6519C949-AC4D-4D2B-9FC1-CD4933009D74}.Linux|Windows Phone.ActiveCfg = Release|Any CPU
		{6519C949-AC4D-4D2B-9FC1-CD4933009D74}.Linux|x64.ActiveCfg = Release|Any CPU
		{6519C949-AC4D-4D2B-9FC1-CD4933009D74}.Linux|x86.ActiveCfg = Release|Any CPU
		{6519C949-AC4D-4D2B-9FC1-CD4933009D74}.OSX|Any CPU.ActiveCfg = Release|Any CPU
		{6519C949-AC4D-4D2B-9FC1-CD4933009D74}.OSX|Any CPU.Build.0 = Release|Any CPU
		{6519C949-AC4D-4D2B-9FC1-CD4933009D74}.OSX|ARM.ActiveCfg = Release|Any CPU
		{6519C949-AC4D-4D2B-9FC1-CD4933009D74}.OSX|Mixed Platforms.ActiveCfg = Release|Any CPU
		{6519C949-AC4D-4D2B-9FC1-CD4933009D74}.OSX|Mixed Platforms.Build.0 = Release|Any CPU
		{6519C949-AC4D-4D2B-9FC1-CD4933009D74}.OSX|Windows Phone.ActiveCfg = Release|Any CPU
		{6519C949-AC4D-4D2B-9FC1-CD4933009D74}.OSX|x64.ActiveCfg = Release|Any CPU
		{6519C949-AC4D-4D2B-9FC1-CD4933009D74}.OSX|x86.ActiveCfg = Release|Any CPU
		{6519C949-AC4D-4D2B-9FC1-CD4933009D74}.PSM|Any CPU.ActiveCfg = Release|Any CPU
		{6519C949-AC4D-4D2B-9FC1-CD4933009D74}.PSM|Any CPU.Build.0 = Release|Any CPU
		{6519C949-AC4D-4D2B-9FC1-CD4933009D74}.PSM|ARM.ActiveCfg = Release|Any CPU
		{6519C949-AC4D-4D2B-9FC1-CD4933009D74}.PSM|Mixed Platforms.ActiveCfg = Release|Any CPU
		{6519C949-AC4D-4D2B-9FC1-CD4933009D74}.PSM|Mixed Platforms.Build.0 = Release|Any CPU
		{6519C949-AC4D-4D2B-9FC1-CD4933009D74}.PSM|Windows Phone.ActiveCfg = Release|Any CPU
		{6519C949-AC4D-4D2B-9FC1-CD4933009D74}.PSM|x64.ActiveCfg = Release|Any CPU
		{6519C949-AC4D-4D2B-9FC1-CD4933009D74}.PSM|x86.ActiveCfg = Release|Any CPU
		{6519C949-AC4D-4D2B-9FC1-CD4933009D74}.Release|Any CPU.ActiveCfg = Release|Any CPU
		{6519C949-AC4D-4D2B-9FC1-CD4933009D74}.Release|Any CPU.Build.0 = Release|Any CPU
		{6519C949-AC4D-4D2B-9FC1-CD4933009D74}.Release|ARM.ActiveCfg = Release|Any CPU
		{6519C949-AC4D-4D2B-9FC1-CD4933009D74}.Release|Mixed Platforms.ActiveCfg = Release|Any CPU
		{6519C949-AC4D-4D2B-9FC1-CD4933009D74}.Release|Mixed Platforms.Build.0 = Release|Any CPU
		{6519C949-AC4D-4D2B-9FC1-CD4933009D74}.Release|Windows Phone.ActiveCfg = Release|Any CPU
		{6519C949-AC4D-4D2B-9FC1-CD4933009D74}.Release|x64.ActiveCfg = Release|Any CPU
		{6519C949-AC4D-4D2B-9FC1-CD4933009D74}.Release|x86.ActiveCfg = Release|Any CPU
		{6519C949-AC4D-4D2B-9FC1-CD4933009D74}.Windows|Any CPU.ActiveCfg = Release|Any CPU
		{6519C949-AC4D-4D2B-9FC1-CD4933009D74}.Windows|Any CPU.Build.0 = Release|Any CPU
		{6519C949-AC4D-4D2B-9FC1-CD4933009D74}.Windows|ARM.ActiveCfg = Release|Any CPU
		{6519C949-AC4D-4D2B-9FC1-CD4933009D74}.Windows|Mixed Platforms.ActiveCfg = Release|Any CPU
		{6519C949-AC4D-4D2B-9FC1-CD4933009D74}.Windows|Mixed Platforms.Build.0 = Release|Any CPU
		{6519C949-AC4D-4D2B-9FC1-CD4933009D74}.Windows|Windows Phone.ActiveCfg = Release|Any CPU
		{6519C949-AC4D-4D2B-9FC1-CD4933009D74}.Windows|x64.ActiveCfg = Release|Any CPU
		{6519C949-AC4D-4D2B-9FC1-CD4933009D74}.Windows|x86.ActiveCfg = Release|Any CPU
		{6519C949-AC4D-4D2B-9FC1-CD4933009D74}.Windows8|Any CPU.ActiveCfg = Release|Any CPU
		{6519C949-AC4D-4D2B-9FC1-CD4933009D74}.Windows8|Any CPU.Build.0 = Release|Any CPU
		{6519C949-AC4D-4D2B-9FC1-CD4933009D74}.Windows8|ARM.ActiveCfg = Release|Any CPU
		{6519C949-AC4D-4D2B-9FC1-CD4933009D74}.Windows8|Mixed Platforms.ActiveCfg = Release|Any CPU
		{6519C949-AC4D-4D2B-9FC1-CD4933009D74}.Windows8|Mixed Platforms.Build.0 = Release|Any CPU
		{6519C949-AC4D-4D2B-9FC1-CD4933009D74}.Windows8|Windows Phone.ActiveCfg = Release|Any CPU
		{6519C949-AC4D-4D2B-9FC1-CD4933009D74}.Windows8|x64.ActiveCfg = Release|Any CPU
		{6519C949-AC4D-4D2B-9FC1-CD4933009D74}.Windows8|x86.ActiveCfg = Release|Any CPU
		{09FA048F-F6A1-4611-8765-6FD6A9792136}.Android|Any CPU.ActiveCfg = Release|Windows Phone
		{09FA048F-F6A1-4611-8765-6FD6A9792136}.Android|ARM.ActiveCfg = Release|Windows Phone
		{09FA048F-F6A1-4611-8765-6FD6A9792136}.Android|Mixed Platforms.ActiveCfg = Release|Windows Phone
		{09FA048F-F6A1-4611-8765-6FD6A9792136}.Android|Mixed Platforms.Build.0 = Release|Windows Phone
		{09FA048F-F6A1-4611-8765-6FD6A9792136}.Android|Windows Phone.ActiveCfg = Release|Windows Phone
		{09FA048F-F6A1-4611-8765-6FD6A9792136}.Android|Windows Phone.Build.0 = Release|Windows Phone
		{09FA048F-F6A1-4611-8765-6FD6A9792136}.Android|x64.ActiveCfg = Release|Windows Phone
		{09FA048F-F6A1-4611-8765-6FD6A9792136}.Android|x86.ActiveCfg = Release|Windows Phone
		{09FA048F-F6A1-4611-8765-6FD6A9792136}.Debug|Any CPU.ActiveCfg = Debug|Windows Phone
		{09FA048F-F6A1-4611-8765-6FD6A9792136}.Debug|ARM.ActiveCfg = Debug|Windows Phone
		{09FA048F-F6A1-4611-8765-6FD6A9792136}.Debug|Mixed Platforms.ActiveCfg = Debug|Windows Phone
		{09FA048F-F6A1-4611-8765-6FD6A9792136}.Debug|Mixed Platforms.Build.0 = Debug|Windows Phone
		{09FA048F-F6A1-4611-8765-6FD6A9792136}.Debug|Windows Phone.ActiveCfg = Debug|Windows Phone
		{09FA048F-F6A1-4611-8765-6FD6A9792136}.Debug|Windows Phone.Build.0 = Debug|Windows Phone
		{09FA048F-F6A1-4611-8765-6FD6A9792136}.Debug|x64.ActiveCfg = Debug|Windows Phone
		{09FA048F-F6A1-4611-8765-6FD6A9792136}.Debug|x86.ActiveCfg = Debug|Windows Phone
		{09FA048F-F6A1-4611-8765-6FD6A9792136}.iOS|Any CPU.ActiveCfg = Release|Windows Phone
		{09FA048F-F6A1-4611-8765-6FD6A9792136}.iOS|ARM.ActiveCfg = Release|Windows Phone
		{09FA048F-F6A1-4611-8765-6FD6A9792136}.iOS|Mixed Platforms.ActiveCfg = Release|Windows Phone
		{09FA048F-F6A1-4611-8765-6FD6A9792136}.iOS|Mixed Platforms.Build.0 = Release|Windows Phone
		{09FA048F-F6A1-4611-8765-6FD6A9792136}.iOS|Windows Phone.ActiveCfg = Release|Windows Phone
		{09FA048F-F6A1-4611-8765-6FD6A9792136}.iOS|Windows Phone.Build.0 = Release|Windows Phone
		{09FA048F-F6A1-4611-8765-6FD6A9792136}.iOS|x64.ActiveCfg = Release|Windows Phone
		{09FA048F-F6A1-4611-8765-6FD6A9792136}.iOS|x86.ActiveCfg = Release|Windows Phone
		{09FA048F-F6A1-4611-8765-6FD6A9792136}.Linux|Any CPU.ActiveCfg = Release|Windows Phone
		{09FA048F-F6A1-4611-8765-6FD6A9792136}.Linux|ARM.ActiveCfg = Release|Windows Phone
		{09FA048F-F6A1-4611-8765-6FD6A9792136}.Linux|Mixed Platforms.ActiveCfg = Release|Windows Phone
		{09FA048F-F6A1-4611-8765-6FD6A9792136}.Linux|Mixed Platforms.Build.0 = Release|Windows Phone
		{09FA048F-F6A1-4611-8765-6FD6A9792136}.Linux|Windows Phone.ActiveCfg = Release|Windows Phone
		{09FA048F-F6A1-4611-8765-6FD6A9792136}.Linux|Windows Phone.Build.0 = Release|Windows Phone
		{09FA048F-F6A1-4611-8765-6FD6A9792136}.Linux|x64.ActiveCfg = Release|Windows Phone
		{09FA048F-F6A1-4611-8765-6FD6A9792136}.Linux|x86.ActiveCfg = Release|Windows Phone
		{09FA048F-F6A1-4611-8765-6FD6A9792136}.OSX|Any CPU.ActiveCfg = Release|Windows Phone
		{09FA048F-F6A1-4611-8765-6FD6A9792136}.OSX|ARM.ActiveCfg = Release|Windows Phone
		{09FA048F-F6A1-4611-8765-6FD6A9792136}.OSX|Mixed Platforms.ActiveCfg = Release|Windows Phone
		{09FA048F-F6A1-4611-8765-6FD6A9792136}.OSX|Mixed Platforms.Build.0 = Release|Windows Phone
		{09FA048F-F6A1-4611-8765-6FD6A9792136}.OSX|Windows Phone.ActiveCfg = Release|Windows Phone
		{09FA048F-F6A1-4611-8765-6FD6A9792136}.OSX|Windows Phone.Build.0 = Release|Windows Phone
		{09FA048F-F6A1-4611-8765-6FD6A9792136}.OSX|x64.ActiveCfg = Release|Windows Phone
		{09FA048F-F6A1-4611-8765-6FD6A9792136}.OSX|x86.ActiveCfg = Release|Windows Phone
		{09FA048F-F6A1-4611-8765-6FD6A9792136}.PSM|Any CPU.ActiveCfg = Release|Windows Phone
		{09FA048F-F6A1-4611-8765-6FD6A9792136}.PSM|ARM.ActiveCfg = Release|Windows Phone
		{09FA048F-F6A1-4611-8765-6FD6A9792136}.PSM|Mixed Platforms.ActiveCfg = Release|Windows Phone
		{09FA048F-F6A1-4611-8765-6FD6A9792136}.PSM|Mixed Platforms.Build.0 = Release|Windows Phone
		{09FA048F-F6A1-4611-8765-6FD6A9792136}.PSM|Windows Phone.ActiveCfg = Release|Windows Phone
		{09FA048F-F6A1-4611-8765-6FD6A9792136}.PSM|Windows Phone.Build.0 = Release|Windows Phone
		{09FA048F-F6A1-4611-8765-6FD6A9792136}.PSM|x64.ActiveCfg = Release|Windows Phone
		{09FA048F-F6A1-4611-8765-6FD6A9792136}.PSM|x86.ActiveCfg = Release|Windows Phone
		{09FA048F-F6A1-4611-8765-6FD6A9792136}.Release|Any CPU.ActiveCfg = Release|Windows Phone
		{09FA048F-F6A1-4611-8765-6FD6A9792136}.Release|ARM.ActiveCfg = Release|Windows Phone
		{09FA048F-F6A1-4611-8765-6FD6A9792136}.Release|Mixed Platforms.ActiveCfg = Release|Windows Phone
		{09FA048F-F6A1-4611-8765-6FD6A9792136}.Release|Mixed Platforms.Build.0 = Release|Windows Phone
		{09FA048F-F6A1-4611-8765-6FD6A9792136}.Release|Windows Phone.ActiveCfg = Release|Windows Phone
		{09FA048F-F6A1-4611-8765-6FD6A9792136}.Release|Windows Phone.Build.0 = Release|Windows Phone
		{09FA048F-F6A1-4611-8765-6FD6A9792136}.Release|x64.ActiveCfg = Release|Windows Phone
		{09FA048F-F6A1-4611-8765-6FD6A9792136}.Release|x86.ActiveCfg = Release|Windows Phone
		{09FA048F-F6A1-4611-8765-6FD6A9792136}.Windows|Any CPU.ActiveCfg = Release|Windows Phone
		{09FA048F-F6A1-4611-8765-6FD6A9792136}.Windows|ARM.ActiveCfg = Release|Windows Phone
		{09FA048F-F6A1-4611-8765-6FD6A9792136}.Windows|Mixed Platforms.ActiveCfg = Release|Windows Phone
		{09FA048F-F6A1-4611-8765-6FD6A9792136}.Windows|Mixed Platforms.Build.0 = Release|Windows Phone
		{09FA048F-F6A1-4611-8765-6FD6A9792136}.Windows|Windows Phone.ActiveCfg = Release|Windows Phone
		{09FA048F-F6A1-4611-8765-6FD6A9792136}.Windows|Windows Phone.Build.0 = Release|Windows Phone
		{09FA048F-F6A1-4611-8765-6FD6A9792136}.Windows|x64.ActiveCfg = Release|Windows Phone
		{09FA048F-F6A1-4611-8765-6FD6A9792136}.Windows|x86.ActiveCfg = Release|Windows Phone
		{09FA048F-F6A1-4611-8765-6FD6A9792136}.Windows8|Any CPU.ActiveCfg = Release|Windows Phone
		{09FA048F-F6A1-4611-8765-6FD6A9792136}.Windows8|ARM.ActiveCfg = Release|Windows Phone
		{09FA048F-F6A1-4611-8765-6FD6A9792136}.Windows8|Mixed Platforms.ActiveCfg = Release|Windows Phone
		{09FA048F-F6A1-4611-8765-6FD6A9792136}.Windows8|Mixed Platforms.Build.0 = Release|Windows Phone
		{09FA048F-F6A1-4611-8765-6FD6A9792136}.Windows8|Windows Phone.ActiveCfg = Release|Windows Phone
		{09FA048F-F6A1-4611-8765-6FD6A9792136}.Windows8|Windows Phone.Build.0 = Release|Windows Phone
		{09FA048F-F6A1-4611-8765-6FD6A9792136}.Windows8|x64.ActiveCfg = Release|Windows Phone
		{09FA048F-F6A1-4611-8765-6FD6A9792136}.Windows8|x86.ActiveCfg = Release|Windows Phone
		{D70BC9B4-1F48-4D64-AAB4-615B1292FE74}.Android|Any CPU.ActiveCfg = Release|Any CPU
		{D70BC9B4-1F48-4D64-AAB4-615B1292FE74}.Android|Any CPU.Build.0 = Release|Any CPU
		{D70BC9B4-1F48-4D64-AAB4-615B1292FE74}.Android|ARM.ActiveCfg = Release|Any CPU
		{D70BC9B4-1F48-4D64-AAB4-615B1292FE74}.Android|Mixed Platforms.ActiveCfg = Release|Any CPU
		{D70BC9B4-1F48-4D64-AAB4-615B1292FE74}.Android|Mixed Platforms.Build.0 = Release|Any CPU
		{D70BC9B4-1F48-4D64-AAB4-615B1292FE74}.Android|Windows Phone.ActiveCfg = Release|Any CPU
		{D70BC9B4-1F48-4D64-AAB4-615B1292FE74}.Android|x64.ActiveCfg = Release|Any CPU
		{D70BC9B4-1F48-4D64-AAB4-615B1292FE74}.Android|x86.ActiveCfg = Release|Any CPU
		{D70BC9B4-1F48-4D64-AAB4-615B1292FE74}.Debug|Any CPU.ActiveCfg = Debug|Any CPU
		{D70BC9B4-1F48-4D64-AAB4-615B1292FE74}.Debug|Any CPU.Build.0 = Debug|Any CPU
		{D70BC9B4-1F48-4D64-AAB4-615B1292FE74}.Debug|ARM.ActiveCfg = Debug|Any CPU
		{D70BC9B4-1F48-4D64-AAB4-615B1292FE74}.Debug|Mixed Platforms.ActiveCfg = Debug|Any CPU
		{D70BC9B4-1F48-4D64-AAB4-615B1292FE74}.Debug|Mixed Platforms.Build.0 = Debug|Any CPU
		{D70BC9B4-1F48-4D64-AAB4-615B1292FE74}.Debug|Windows Phone.ActiveCfg = Debug|Any CPU
		{D70BC9B4-1F48-4D64-AAB4-615B1292FE74}.Debug|x64.ActiveCfg = Debug|Any CPU
		{D70BC9B4-1F48-4D64-AAB4-615B1292FE74}.Debug|x86.ActiveCfg = Debug|Any CPU
		{D70BC9B4-1F48-4D64-AAB4-615B1292FE74}.iOS|Any CPU.ActiveCfg = Release|Any CPU
		{D70BC9B4-1F48-4D64-AAB4-615B1292FE74}.iOS|Any CPU.Build.0 = Release|Any CPU
		{D70BC9B4-1F48-4D64-AAB4-615B1292FE74}.iOS|ARM.ActiveCfg = Release|Any CPU
		{D70BC9B4-1F48-4D64-AAB4-615B1292FE74}.iOS|Mixed Platforms.ActiveCfg = Release|Any CPU
		{D70BC9B4-1F48-4D64-AAB4-615B1292FE74}.iOS|Mixed Platforms.Build.0 = Release|Any CPU
		{D70BC9B4-1F48-4D64-AAB4-615B1292FE74}.iOS|Windows Phone.ActiveCfg = Release|Any CPU
		{D70BC9B4-1F48-4D64-AAB4-615B1292FE74}.iOS|x64.ActiveCfg = Release|Any CPU
		{D70BC9B4-1F48-4D64-AAB4-615B1292FE74}.iOS|x86.ActiveCfg = Release|Any CPU
		{D70BC9B4-1F48-4D64-AAB4-615B1292FE74}.Linux|Any CPU.ActiveCfg = Release|Any CPU
		{D70BC9B4-1F48-4D64-AAB4-615B1292FE74}.Linux|Any CPU.Build.0 = Release|Any CPU
		{D70BC9B4-1F48-4D64-AAB4-615B1292FE74}.Linux|ARM.ActiveCfg = Release|Any CPU
		{D70BC9B4-1F48-4D64-AAB4-615B1292FE74}.Linux|Mixed Platforms.ActiveCfg = Release|Any CPU
		{D70BC9B4-1F48-4D64-AAB4-615B1292FE74}.Linux|Mixed Platforms.Build.0 = Release|Any CPU
		{D70BC9B4-1F48-4D64-AAB4-615B1292FE74}.Linux|Windows Phone.ActiveCfg = Release|Any CPU
		{D70BC9B4-1F48-4D64-AAB4-615B1292FE74}.Linux|x64.ActiveCfg = Release|Any CPU
		{D70BC9B4-1F48-4D64-AAB4-615B1292FE74}.Linux|x86.ActiveCfg = Release|Any CPU
		{D70BC9B4-1F48-4D64-AAB4-615B1292FE74}.OSX|Any CPU.ActiveCfg = Release|Any CPU
		{D70BC9B4-1F48-4D64-AAB4-615B1292FE74}.OSX|Any CPU.Build.0 = Release|Any CPU
		{D70BC9B4-1F48-4D64-AAB4-615B1292FE74}.OSX|ARM.ActiveCfg = Release|Any CPU
		{D70BC9B4-1F48-4D64-AAB4-615B1292FE74}.OSX|Mixed Platforms.ActiveCfg = Release|Any CPU
		{D70BC9B4-1F48-4D64-AAB4-615B1292FE74}.OSX|Mixed Platforms.Build.0 = Release|Any CPU
		{D70BC9B4-1F48-4D64-AAB4-615B1292FE74}.OSX|Windows Phone.ActiveCfg = Release|Any CPU
		{D70BC9B4-1F48-4D64-AAB4-615B1292FE74}.OSX|x64.ActiveCfg = Release|Any CPU
		{D70BC9B4-1F48-4D64-AAB4-615B1292FE74}.OSX|x86.ActiveCfg = Release|Any CPU
		{D70BC9B4-1F48-4D64-AAB4-615B1292FE74}.PSM|Any CPU.ActiveCfg = Release|Any CPU
		{D70BC9B4-1F48-4D64-AAB4-615B1292FE74}.PSM|Any CPU.Build.0 = Release|Any CPU
		{D70BC9B4-1F48-4D64-AAB4-615B1292FE74}.PSM|ARM.ActiveCfg = Release|Any CPU
		{D70BC9B4-1F48-4D64-AAB4-615B1292FE74}.PSM|Mixed Platforms.ActiveCfg = Release|Any CPU
		{D70BC9B4-1F48-4D64-AAB4-615B1292FE74}.PSM|Mixed Platforms.Build.0 = Release|Any CPU
		{D70BC9B4-1F48-4D64-AAB4-615B1292FE74}.PSM|Windows Phone.ActiveCfg = Release|Any CPU
		{D70BC9B4-1F48-4D64-AAB4-615B1292FE74}.PSM|x64.ActiveCfg = Release|Any CPU
		{D70BC9B4-1F48-4D64-AAB4-615B1292FE74}.PSM|x86.ActiveCfg = Release|Any CPU
		{D70BC9B4-1F48-4D64-AAB4-615B1292FE74}.Release|Any CPU.ActiveCfg = Release|Any CPU
		{D70BC9B4-1F48-4D64-AAB4-615B1292FE74}.Release|Any CPU.Build.0 = Release|Any CPU
		{D70BC9B4-1F48-4D64-AAB4-615B1292FE74}.Release|ARM.ActiveCfg = Release|Any CPU
		{D70BC9B4-1F48-4D64-AAB4-615B1292FE74}.Release|Mixed Platforms.ActiveCfg = Release|Any CPU
		{D70BC9B4-1F48-4D64-AAB4-615B1292FE74}.Release|Mixed Platforms.Build.0 = Release|Any CPU
		{D70BC9B4-1F48-4D64-AAB4-615B1292FE74}.Release|Windows Phone.ActiveCfg = Release|Any CPU
		{D70BC9B4-1F48-4D64-AAB4-615B1292FE74}.Release|x64.ActiveCfg = Release|Any CPU
		{D70BC9B4-1F48-4D64-AAB4-615B1292FE74}.Release|x86.ActiveCfg = Release|Any CPU
		{D70BC9B4-1F48-4D64-AAB4-615B1292FE74}.Windows|Any CPU.ActiveCfg = Release|Any CPU
		{D70BC9B4-1F48-4D64-AAB4-615B1292FE74}.Windows|Any CPU.Build.0 = Release|Any CPU
		{D70BC9B4-1F48-4D64-AAB4-615B1292FE74}.Windows|ARM.ActiveCfg = Release|Any CPU
		{D70BC9B4-1F48-4D64-AAB4-615B1292FE74}.Windows|Mixed Platforms.ActiveCfg = Release|Any CPU
		{D70BC9B4-1F48-4D64-AAB4-615B1292FE74}.Windows|Mixed Platforms.Build.0 = Release|Any CPU
		{D70BC9B4-1F48-4D64-AAB4-615B1292FE74}.Windows|Windows Phone.ActiveCfg = Release|Any CPU
		{D70BC9B4-1F48-4D64-AAB4-615B1292FE74}.Windows|x64.ActiveCfg = Release|Any CPU
		{D70BC9B4-1F48-4D64-AAB4-615B1292FE74}.Windows|x86.ActiveCfg = Release|Any CPU
		{D70BC9B4-1F48-4D64-AAB4-615B1292FE74}.Windows8|Any CPU.ActiveCfg = Release|Any CPU
		{D70BC9B4-1F48-4D64-AAB4-615B1292FE74}.Windows8|Any CPU.Build.0 = Release|Any CPU
		{D70BC9B4-1F48-4D64-AAB4-615B1292FE74}.Windows8|ARM.ActiveCfg = Release|Any CPU
		{D70BC9B4-1F48-4D64-AAB4-615B1292FE74}.Windows8|Mixed Platforms.ActiveCfg = Release|Any CPU
		{D70BC9B4-1F48-4D64-AAB4-615B1292FE74}.Windows8|Mixed Platforms.Build.0 = Release|Any CPU
		{D70BC9B4-1F48-4D64-AAB4-615B1292FE74}.Windows8|Windows Phone.ActiveCfg = Release|Any CPU
		{D70BC9B4-1F48-4D64-AAB4-615B1292FE74}.Windows8|x64.ActiveCfg = Release|Any CPU
		{D70BC9B4-1F48-4D64-AAB4-615B1292FE74}.Windows8|x86.ActiveCfg = Release|Any CPU
		{F311C413-E175-485E-8A93-799AB971CA09}.Android|Any CPU.ActiveCfg = Release|Any CPU
		{F311C413-E175-485E-8A93-799AB971CA09}.Android|Any CPU.Build.0 = Release|Any CPU
		{F311C413-E175-485E-8A93-799AB971CA09}.Android|ARM.ActiveCfg = Release|Any CPU
		{F311C413-E175-485E-8A93-799AB971CA09}.Android|Mixed Platforms.ActiveCfg = Release|Any CPU
		{F311C413-E175-485E-8A93-799AB971CA09}.Android|Mixed Platforms.Build.0 = Release|Any CPU
		{F311C413-E175-485E-8A93-799AB971CA09}.Android|Windows Phone.ActiveCfg = Release|Any CPU
		{F311C413-E175-485E-8A93-799AB971CA09}.Android|x64.ActiveCfg = Release|Any CPU
		{F311C413-E175-485E-8A93-799AB971CA09}.Android|x86.ActiveCfg = Release|Any CPU
		{F311C413-E175-485E-8A93-799AB971CA09}.Debug|Any CPU.ActiveCfg = Debug|Any CPU
		{F311C413-E175-485E-8A93-799AB971CA09}.Debug|Any CPU.Build.0 = Debug|Any CPU
		{F311C413-E175-485E-8A93-799AB971CA09}.Debug|ARM.ActiveCfg = Debug|Any CPU
		{F311C413-E175-485E-8A93-799AB971CA09}.Debug|Mixed Platforms.ActiveCfg = Debug|Any CPU
		{F311C413-E175-485E-8A93-799AB971CA09}.Debug|Mixed Platforms.Build.0 = Debug|Any CPU
		{F311C413-E175-485E-8A93-799AB971CA09}.Debug|Windows Phone.ActiveCfg = Debug|Any CPU
		{F311C413-E175-485E-8A93-799AB971CA09}.Debug|x64.ActiveCfg = Debug|Any CPU
		{F311C413-E175-485E-8A93-799AB971CA09}.Debug|x86.ActiveCfg = Debug|Any CPU
		{F311C413-E175-485E-8A93-799AB971CA09}.iOS|Any CPU.ActiveCfg = Release|Any CPU
		{F311C413-E175-485E-8A93-799AB971CA09}.iOS|Any CPU.Build.0 = Release|Any CPU
		{F311C413-E175-485E-8A93-799AB971CA09}.iOS|ARM.ActiveCfg = Release|Any CPU
		{F311C413-E175-485E-8A93-799AB971CA09}.iOS|Mixed Platforms.ActiveCfg = Release|Any CPU
		{F311C413-E175-485E-8A93-799AB971CA09}.iOS|Mixed Platforms.Build.0 = Release|Any CPU
		{F311C413-E175-485E-8A93-799AB971CA09}.iOS|Windows Phone.ActiveCfg = Release|Any CPU
		{F311C413-E175-485E-8A93-799AB971CA09}.iOS|x64.ActiveCfg = Release|Any CPU
		{F311C413-E175-485E-8A93-799AB971CA09}.iOS|x86.ActiveCfg = Release|Any CPU
		{F311C413-E175-485E-8A93-799AB971CA09}.Linux|Any CPU.ActiveCfg = Release|Any CPU
		{F311C413-E175-485E-8A93-799AB971CA09}.Linux|Any CPU.Build.0 = Release|Any CPU
		{F311C413-E175-485E-8A93-799AB971CA09}.Linux|ARM.ActiveCfg = Release|Any CPU
		{F311C413-E175-485E-8A93-799AB971CA09}.Linux|Mixed Platforms.ActiveCfg = Release|Any CPU
		{F311C413-E175-485E-8A93-799AB971CA09}.Linux|Mixed Platforms.Build.0 = Release|Any CPU
		{F311C413-E175-485E-8A93-799AB971CA09}.Linux|Windows Phone.ActiveCfg = Release|Any CPU
		{F311C413-E175-485E-8A93-799AB971CA09}.Linux|x64.ActiveCfg = Release|Any CPU
		{F311C413-E175-485E-8A93-799AB971CA09}.Linux|x86.ActiveCfg = Release|Any CPU
		{F311C413-E175-485E-8A93-799AB971CA09}.OSX|Any CPU.ActiveCfg = Release|Any CPU
		{F311C413-E175-485E-8A93-799AB971CA09}.OSX|Any CPU.Build.0 = Release|Any CPU
		{F311C413-E175-485E-8A93-799AB971CA09}.OSX|ARM.ActiveCfg = Release|Any CPU
		{F311C413-E175-485E-8A93-799AB971CA09}.OSX|Mixed Platforms.ActiveCfg = Release|Any CPU
		{F311C413-E175-485E-8A93-799AB971CA09}.OSX|Mixed Platforms.Build.0 = Release|Any CPU
		{F311C413-E175-485E-8A93-799AB971CA09}.OSX|Windows Phone.ActiveCfg = Release|Any CPU
		{F311C413-E175-485E-8A93-799AB971CA09}.OSX|x64.ActiveCfg = Release|Any CPU
		{F311C413-E175-485E-8A93-799AB971CA09}.OSX|x86.ActiveCfg = Release|Any CPU
		{F311C413-E175-485E-8A93-799AB971CA09}.PSM|Any CPU.ActiveCfg = Release|Any CPU
		{F311C413-E175-485E-8A93-799AB971CA09}.PSM|Any CPU.Build.0 = Release|Any CPU
		{F311C413-E175-485E-8A93-799AB971CA09}.PSM|ARM.ActiveCfg = Release|Any CPU
		{F311C413-E175-485E-8A93-799AB971CA09}.PSM|Mixed Platforms.ActiveCfg = Release|Any CPU
		{F311C413-E175-485E-8A93-799AB971CA09}.PSM|Mixed Platforms.Build.0 = Release|Any CPU
		{F311C413-E175-485E-8A93-799AB971CA09}.PSM|Windows Phone.ActiveCfg = Release|Any CPU
		{F311C413-E175-485E-8A93-799AB971CA09}.PSM|x64.ActiveCfg = Release|Any CPU
		{F311C413-E175-485E-8A93-799AB971CA09}.PSM|x86.ActiveCfg = Release|Any CPU
		{F311C413-E175-485E-8A93-799AB971CA09}.Release|Any CPU.ActiveCfg = Release|Any CPU
		{F311C413-E175-485E-8A93-799AB971CA09}.Release|Any CPU.Build.0 = Release|Any CPU
		{F311C413-E175-485E-8A93-799AB971CA09}.Release|ARM.ActiveCfg = Release|Any CPU
		{F311C413-E175-485E-8A93-799AB971CA09}.Release|Mixed Platforms.ActiveCfg = Release|Any CPU
		{F311C413-E175-485E-8A93-799AB971CA09}.Release|Mixed Platforms.Build.0 = Release|Any CPU
		{F311C413-E175-485E-8A93-799AB971CA09}.Release|Windows Phone.ActiveCfg = Release|Any CPU
		{F311C413-E175-485E-8A93-799AB971CA09}.Release|x64.ActiveCfg = Release|Any CPU
		{F311C413-E175-485E-8A93-799AB971CA09}.Release|x86.ActiveCfg = Release|Any CPU
		{F311C413-E175-485E-8A93-799AB971CA09}.Windows|Any CPU.ActiveCfg = Release|Any CPU
		{F311C413-E175-485E-8A93-799AB971CA09}.Windows|Any CPU.Build.0 = Release|Any CPU
		{F311C413-E175-485E-8A93-799AB971CA09}.Windows|ARM.ActiveCfg = Release|Any CPU
		{F311C413-E175-485E-8A93-799AB971CA09}.Windows|Mixed Platforms.ActiveCfg = Release|Any CPU
		{F311C413-E175-485E-8A93-799AB971CA09}.Windows|Mixed Platforms.Build.0 = Release|Any CPU
		{F311C413-E175-485E-8A93-799AB971CA09}.Windows|Windows Phone.ActiveCfg = Release|Any CPU
		{F311C413-E175-485E-8A93-799AB971CA09}.Windows|x64.ActiveCfg = Release|Any CPU
		{F311C413-E175-485E-8A93-799AB971CA09}.Windows|x86.ActiveCfg = Release|Any CPU
		{F311C413-E175-485E-8A93-799AB971CA09}.Windows8|Any CPU.ActiveCfg = Release|Any CPU
		{F311C413-E175-485E-8A93-799AB971CA09}.Windows8|Any CPU.Build.0 = Release|Any CPU
		{F311C413-E175-485E-8A93-799AB971CA09}.Windows8|ARM.ActiveCfg = Release|Any CPU
		{F311C413-E175-485E-8A93-799AB971CA09}.Windows8|Mixed Platforms.ActiveCfg = Release|Any CPU
		{F311C413-E175-485E-8A93-799AB971CA09}.Windows8|Mixed Platforms.Build.0 = Release|Any CPU
		{F311C413-E175-485E-8A93-799AB971CA09}.Windows8|Windows Phone.ActiveCfg = Release|Any CPU
		{F311C413-E175-485E-8A93-799AB971CA09}.Windows8|x64.ActiveCfg = Release|Any CPU
		{F311C413-E175-485E-8A93-799AB971CA09}.Windows8|x86.ActiveCfg = Release|Any CPU
		{44FAB0AC-73C8-459D-AAF8-2257C4BAF5F4}.Android|Any CPU.ActiveCfg = Release|Any CPU
		{44FAB0AC-73C8-459D-AAF8-2257C4BAF5F4}.Android|Any CPU.Build.0 = Release|Any CPU
		{44FAB0AC-73C8-459D-AAF8-2257C4BAF5F4}.Android|ARM.ActiveCfg = Release|ARM
		{44FAB0AC-73C8-459D-AAF8-2257C4BAF5F4}.Android|ARM.Build.0 = Release|ARM
		{44FAB0AC-73C8-459D-AAF8-2257C4BAF5F4}.Android|Mixed Platforms.ActiveCfg = Release|x86
		{44FAB0AC-73C8-459D-AAF8-2257C4BAF5F4}.Android|Mixed Platforms.Build.0 = Release|x86
		{44FAB0AC-73C8-459D-AAF8-2257C4BAF5F4}.Android|Windows Phone.ActiveCfg = Release|Any CPU
		{44FAB0AC-73C8-459D-AAF8-2257C4BAF5F4}.Android|x64.ActiveCfg = Release|x64
		{44FAB0AC-73C8-459D-AAF8-2257C4BAF5F4}.Android|x64.Build.0 = Release|x64
		{44FAB0AC-73C8-459D-AAF8-2257C4BAF5F4}.Android|x86.ActiveCfg = Release|x86
		{44FAB0AC-73C8-459D-AAF8-2257C4BAF5F4}.Android|x86.Build.0 = Release|x86
		{44FAB0AC-73C8-459D-AAF8-2257C4BAF5F4}.Debug|Any CPU.ActiveCfg = Debug|Any CPU
		{44FAB0AC-73C8-459D-AAF8-2257C4BAF5F4}.Debug|Any CPU.Build.0 = Debug|Any CPU
		{44FAB0AC-73C8-459D-AAF8-2257C4BAF5F4}.Debug|ARM.ActiveCfg = Debug|ARM
		{44FAB0AC-73C8-459D-AAF8-2257C4BAF5F4}.Debug|ARM.Build.0 = Debug|ARM
		{44FAB0AC-73C8-459D-AAF8-2257C4BAF5F4}.Debug|Mixed Platforms.ActiveCfg = Debug|Any CPU
		{44FAB0AC-73C8-459D-AAF8-2257C4BAF5F4}.Debug|Mixed Platforms.Build.0 = Debug|Any CPU
		{44FAB0AC-73C8-459D-AAF8-2257C4BAF5F4}.Debug|Windows Phone.ActiveCfg = Debug|Any CPU
		{44FAB0AC-73C8-459D-AAF8-2257C4BAF5F4}.Debug|x64.ActiveCfg = Debug|x64
		{44FAB0AC-73C8-459D-AAF8-2257C4BAF5F4}.Debug|x64.Build.0 = Debug|x64
		{44FAB0AC-73C8-459D-AAF8-2257C4BAF5F4}.Debug|x86.ActiveCfg = Debug|x86
		{44FAB0AC-73C8-459D-AAF8-2257C4BAF5F4}.Debug|x86.Build.0 = Debug|x86
		{44FAB0AC-73C8-459D-AAF8-2257C4BAF5F4}.iOS|Any CPU.ActiveCfg = Release|Any CPU
		{44FAB0AC-73C8-459D-AAF8-2257C4BAF5F4}.iOS|Any CPU.Build.0 = Release|Any CPU
		{44FAB0AC-73C8-459D-AAF8-2257C4BAF5F4}.iOS|ARM.ActiveCfg = Release|ARM
		{44FAB0AC-73C8-459D-AAF8-2257C4BAF5F4}.iOS|ARM.Build.0 = Release|ARM
		{44FAB0AC-73C8-459D-AAF8-2257C4BAF5F4}.iOS|Mixed Platforms.ActiveCfg = Release|x86
		{44FAB0AC-73C8-459D-AAF8-2257C4BAF5F4}.iOS|Mixed Platforms.Build.0 = Release|x86
		{44FAB0AC-73C8-459D-AAF8-2257C4BAF5F4}.iOS|Windows Phone.ActiveCfg = Release|Any CPU
		{44FAB0AC-73C8-459D-AAF8-2257C4BAF5F4}.iOS|x64.ActiveCfg = Release|x64
		{44FAB0AC-73C8-459D-AAF8-2257C4BAF5F4}.iOS|x64.Build.0 = Release|x64
		{44FAB0AC-73C8-459D-AAF8-2257C4BAF5F4}.iOS|x86.ActiveCfg = Release|x86
		{44FAB0AC-73C8-459D-AAF8-2257C4BAF5F4}.iOS|x86.Build.0 = Release|x86
		{44FAB0AC-73C8-459D-AAF8-2257C4BAF5F4}.Linux|Any CPU.ActiveCfg = Release|Any CPU
		{44FAB0AC-73C8-459D-AAF8-2257C4BAF5F4}.Linux|Any CPU.Build.0 = Release|Any CPU
		{44FAB0AC-73C8-459D-AAF8-2257C4BAF5F4}.Linux|ARM.ActiveCfg = Release|ARM
		{44FAB0AC-73C8-459D-AAF8-2257C4BAF5F4}.Linux|ARM.Build.0 = Release|ARM
		{44FAB0AC-73C8-459D-AAF8-2257C4BAF5F4}.Linux|Mixed Platforms.ActiveCfg = Release|x86
		{44FAB0AC-73C8-459D-AAF8-2257C4BAF5F4}.Linux|Mixed Platforms.Build.0 = Release|x86
		{44FAB0AC-73C8-459D-AAF8-2257C4BAF5F4}.Linux|Windows Phone.ActiveCfg = Release|Any CPU
		{44FAB0AC-73C8-459D-AAF8-2257C4BAF5F4}.Linux|x64.ActiveCfg = Release|x64
		{44FAB0AC-73C8-459D-AAF8-2257C4BAF5F4}.Linux|x64.Build.0 = Release|x64
		{44FAB0AC-73C8-459D-AAF8-2257C4BAF5F4}.Linux|x86.ActiveCfg = Release|x86
		{44FAB0AC-73C8-459D-AAF8-2257C4BAF5F4}.Linux|x86.Build.0 = Release|x86
		{44FAB0AC-73C8-459D-AAF8-2257C4BAF5F4}.OSX|Any CPU.ActiveCfg = Release|Any CPU
		{44FAB0AC-73C8-459D-AAF8-2257C4BAF5F4}.OSX|Any CPU.Build.0 = Release|Any CPU
		{44FAB0AC-73C8-459D-AAF8-2257C4BAF5F4}.OSX|ARM.ActiveCfg = Release|ARM
		{44FAB0AC-73C8-459D-AAF8-2257C4BAF5F4}.OSX|ARM.Build.0 = Release|ARM
		{44FAB0AC-73C8-459D-AAF8-2257C4BAF5F4}.OSX|Mixed Platforms.ActiveCfg = Release|x86
		{44FAB0AC-73C8-459D-AAF8-2257C4BAF5F4}.OSX|Mixed Platforms.Build.0 = Release|x86
		{44FAB0AC-73C8-459D-AAF8-2257C4BAF5F4}.OSX|Windows Phone.ActiveCfg = Release|Any CPU
		{44FAB0AC-73C8-459D-AAF8-2257C4BAF5F4}.OSX|x64.ActiveCfg = Release|x64
		{44FAB0AC-73C8-459D-AAF8-2257C4BAF5F4}.OSX|x64.Build.0 = Release|x64
		{44FAB0AC-73C8-459D-AAF8-2257C4BAF5F4}.OSX|x86.ActiveCfg = Release|x86
		{44FAB0AC-73C8-459D-AAF8-2257C4BAF5F4}.OSX|x86.Build.0 = Release|x86
		{44FAB0AC-73C8-459D-AAF8-2257C4BAF5F4}.PSM|Any CPU.ActiveCfg = Release|Any CPU
		{44FAB0AC-73C8-459D-AAF8-2257C4BAF5F4}.PSM|Any CPU.Build.0 = Release|Any CPU
		{44FAB0AC-73C8-459D-AAF8-2257C4BAF5F4}.PSM|ARM.ActiveCfg = Release|ARM
		{44FAB0AC-73C8-459D-AAF8-2257C4BAF5F4}.PSM|ARM.Build.0 = Release|ARM
		{44FAB0AC-73C8-459D-AAF8-2257C4BAF5F4}.PSM|Mixed Platforms.ActiveCfg = Release|x86
		{44FAB0AC-73C8-459D-AAF8-2257C4BAF5F4}.PSM|Mixed Platforms.Build.0 = Release|x86
		{44FAB0AC-73C8-459D-AAF8-2257C4BAF5F4}.PSM|Windows Phone.ActiveCfg = Release|Any CPU
		{44FAB0AC-73C8-459D-AAF8-2257C4BAF5F4}.PSM|x64.ActiveCfg = Release|x64
		{44FAB0AC-73C8-459D-AAF8-2257C4BAF5F4}.PSM|x64.Build.0 = Release|x64
		{44FAB0AC-73C8-459D-AAF8-2257C4BAF5F4}.PSM|x86.ActiveCfg = Release|x86
		{44FAB0AC-73C8-459D-AAF8-2257C4BAF5F4}.PSM|x86.Build.0 = Release|x86
		{44FAB0AC-73C8-459D-AAF8-2257C4BAF5F4}.Release|Any CPU.ActiveCfg = Release|Any CPU
		{44FAB0AC-73C8-459D-AAF8-2257C4BAF5F4}.Release|Any CPU.Build.0 = Release|Any CPU
		{44FAB0AC-73C8-459D-AAF8-2257C4BAF5F4}.Release|ARM.ActiveCfg = Release|ARM
		{44FAB0AC-73C8-459D-AAF8-2257C4BAF5F4}.Release|ARM.Build.0 = Release|ARM
		{44FAB0AC-73C8-459D-AAF8-2257C4BAF5F4}.Release|Mixed Platforms.ActiveCfg = Release|x86
		{44FAB0AC-73C8-459D-AAF8-2257C4BAF5F4}.Release|Mixed Platforms.Build.0 = Release|x86
		{44FAB0AC-73C8-459D-AAF8-2257C4BAF5F4}.Release|Windows Phone.ActiveCfg = Release|Any CPU
		{44FAB0AC-73C8-459D-AAF8-2257C4BAF5F4}.Release|x64.ActiveCfg = Release|x64
		{44FAB0AC-73C8-459D-AAF8-2257C4BAF5F4}.Release|x64.Build.0 = Release|x64
		{44FAB0AC-73C8-459D-AAF8-2257C4BAF5F4}.Release|x86.ActiveCfg = Release|x86
		{44FAB0AC-73C8-459D-AAF8-2257C4BAF5F4}.Release|x86.Build.0 = Release|x86
		{44FAB0AC-73C8-459D-AAF8-2257C4BAF5F4}.Windows|Any CPU.ActiveCfg = Release|Any CPU
		{44FAB0AC-73C8-459D-AAF8-2257C4BAF5F4}.Windows|Any CPU.Build.0 = Release|Any CPU
		{44FAB0AC-73C8-459D-AAF8-2257C4BAF5F4}.Windows|ARM.ActiveCfg = Release|ARM
		{44FAB0AC-73C8-459D-AAF8-2257C4BAF5F4}.Windows|ARM.Build.0 = Release|ARM
		{44FAB0AC-73C8-459D-AAF8-2257C4BAF5F4}.Windows|Mixed Platforms.ActiveCfg = Release|x86
		{44FAB0AC-73C8-459D-AAF8-2257C4BAF5F4}.Windows|Mixed Platforms.Build.0 = Release|x86
		{44FAB0AC-73C8-459D-AAF8-2257C4BAF5F4}.Windows|Windows Phone.ActiveCfg = Release|Any CPU
		{44FAB0AC-73C8-459D-AAF8-2257C4BAF5F4}.Windows|x64.ActiveCfg = Release|x64
		{44FAB0AC-73C8-459D-AAF8-2257C4BAF5F4}.Windows|x64.Build.0 = Release|x64
		{44FAB0AC-73C8-459D-AAF8-2257C4BAF5F4}.Windows|x86.ActiveCfg = Release|x86
		{44FAB0AC-73C8-459D-AAF8-2257C4BAF5F4}.Windows|x86.Build.0 = Release|x86
		{44FAB0AC-73C8-459D-AAF8-2257C4BAF5F4}.Windows8|Any CPU.ActiveCfg = Release|Any CPU
		{44FAB0AC-73C8-459D-AAF8-2257C4BAF5F4}.Windows8|Any CPU.Build.0 = Release|Any CPU
		{44FAB0AC-73C8-459D-AAF8-2257C4BAF5F4}.Windows8|ARM.ActiveCfg = Release|ARM
		{44FAB0AC-73C8-459D-AAF8-2257C4BAF5F4}.Windows8|ARM.Build.0 = Release|ARM
		{44FAB0AC-73C8-459D-AAF8-2257C4BAF5F4}.Windows8|Mixed Platforms.ActiveCfg = Release|x86
		{44FAB0AC-73C8-459D-AAF8-2257C4BAF5F4}.Windows8|Mixed Platforms.Build.0 = Release|x86
		{44FAB0AC-73C8-459D-AAF8-2257C4BAF5F4}.Windows8|Windows Phone.ActiveCfg = Release|Any CPU
		{44FAB0AC-73C8-459D-AAF8-2257C4BAF5F4}.Windows8|x64.ActiveCfg = Release|x64
		{44FAB0AC-73C8-459D-AAF8-2257C4BAF5F4}.Windows8|x64.Build.0 = Release|x64
		{44FAB0AC-73C8-459D-AAF8-2257C4BAF5F4}.Windows8|x86.ActiveCfg = Release|x86
		{44FAB0AC-73C8-459D-AAF8-2257C4BAF5F4}.Windows8|x86.Build.0 = Release|x86
		{73AE0F55-4559-4F4A-9D84-819B63951AB3}.Android|Any CPU.ActiveCfg = Release|x86
		{73AE0F55-4559-4F4A-9D84-819B63951AB3}.Android|Any CPU.Build.0 = Release|x86
		{73AE0F55-4559-4F4A-9D84-819B63951AB3}.Android|ARM.ActiveCfg = Release|x86
		{73AE0F55-4559-4F4A-9D84-819B63951AB3}.Android|ARM.Build.0 = Release|x86
		{73AE0F55-4559-4F4A-9D84-819B63951AB3}.Android|Mixed Platforms.ActiveCfg = Release|x86
		{73AE0F55-4559-4F4A-9D84-819B63951AB3}.Android|Mixed Platforms.Build.0 = Release|x86
		{73AE0F55-4559-4F4A-9D84-819B63951AB3}.Android|Windows Phone.ActiveCfg = Release|x86
		{73AE0F55-4559-4F4A-9D84-819B63951AB3}.Android|Windows Phone.Build.0 = Release|x86
		{73AE0F55-4559-4F4A-9D84-819B63951AB3}.Android|x64.ActiveCfg = Release|x86
		{73AE0F55-4559-4F4A-9D84-819B63951AB3}.Android|x64.Build.0 = Release|x86
		{73AE0F55-4559-4F4A-9D84-819B63951AB3}.Android|x86.ActiveCfg = Release|x86
		{73AE0F55-4559-4F4A-9D84-819B63951AB3}.Android|x86.Build.0 = Release|x86
		{73AE0F55-4559-4F4A-9D84-819B63951AB3}.Debug|Any CPU.ActiveCfg = Debug|x86
		{73AE0F55-4559-4F4A-9D84-819B63951AB3}.Debug|Any CPU.Build.0 = Debug|x86
		{73AE0F55-4559-4F4A-9D84-819B63951AB3}.Debug|ARM.ActiveCfg = Debug|x86
		{73AE0F55-4559-4F4A-9D84-819B63951AB3}.Debug|ARM.Build.0 = Debug|x86
		{73AE0F55-4559-4F4A-9D84-819B63951AB3}.Debug|Mixed Platforms.ActiveCfg = Debug|x86
		{73AE0F55-4559-4F4A-9D84-819B63951AB3}.Debug|Mixed Platforms.Build.0 = Debug|x86
		{73AE0F55-4559-4F4A-9D84-819B63951AB3}.Debug|Windows Phone.ActiveCfg = Debug|x86
		{73AE0F55-4559-4F4A-9D84-819B63951AB3}.Debug|Windows Phone.Build.0 = Debug|x86
		{73AE0F55-4559-4F4A-9D84-819B63951AB3}.Debug|x64.ActiveCfg = Debug|x86
		{73AE0F55-4559-4F4A-9D84-819B63951AB3}.Debug|x64.Build.0 = Debug|x86
		{73AE0F55-4559-4F4A-9D84-819B63951AB3}.Debug|x86.ActiveCfg = Debug|x86
		{73AE0F55-4559-4F4A-9D84-819B63951AB3}.Debug|x86.Build.0 = Debug|x86
		{73AE0F55-4559-4F4A-9D84-819B63951AB3}.iOS|Any CPU.ActiveCfg = Release|x86
		{73AE0F55-4559-4F4A-9D84-819B63951AB3}.iOS|Any CPU.Build.0 = Release|x86
		{73AE0F55-4559-4F4A-9D84-819B63951AB3}.iOS|ARM.ActiveCfg = Release|x86
		{73AE0F55-4559-4F4A-9D84-819B63951AB3}.iOS|ARM.Build.0 = Release|x86
		{73AE0F55-4559-4F4A-9D84-819B63951AB3}.iOS|Mixed Platforms.ActiveCfg = Release|x86
		{73AE0F55-4559-4F4A-9D84-819B63951AB3}.iOS|Mixed Platforms.Build.0 = Release|x86
		{73AE0F55-4559-4F4A-9D84-819B63951AB3}.iOS|Windows Phone.ActiveCfg = Release|x86
		{73AE0F55-4559-4F4A-9D84-819B63951AB3}.iOS|Windows Phone.Build.0 = Release|x86
		{73AE0F55-4559-4F4A-9D84-819B63951AB3}.iOS|x64.ActiveCfg = Release|x86
		{73AE0F55-4559-4F4A-9D84-819B63951AB3}.iOS|x64.Build.0 = Release|x86
		{73AE0F55-4559-4F4A-9D84-819B63951AB3}.iOS|x86.ActiveCfg = Release|x86
		{73AE0F55-4559-4F4A-9D84-819B63951AB3}.iOS|x86.Build.0 = Release|x86
		{73AE0F55-4559-4F4A-9D84-819B63951AB3}.Linux|Any CPU.ActiveCfg = Release|x86
		{73AE0F55-4559-4F4A-9D84-819B63951AB3}.Linux|Any CPU.Build.0 = Release|x86
		{73AE0F55-4559-4F4A-9D84-819B63951AB3}.Linux|ARM.ActiveCfg = Release|x86
		{73AE0F55-4559-4F4A-9D84-819B63951AB3}.Linux|ARM.Build.0 = Release|x86
		{73AE0F55-4559-4F4A-9D84-819B63951AB3}.Linux|Mixed Platforms.ActiveCfg = Release|x86
		{73AE0F55-4559-4F4A-9D84-819B63951AB3}.Linux|Mixed Platforms.Build.0 = Release|x86
		{73AE0F55-4559-4F4A-9D84-819B63951AB3}.Linux|Windows Phone.ActiveCfg = Release|x86
		{73AE0F55-4559-4F4A-9D84-819B63951AB3}.Linux|Windows Phone.Build.0 = Release|x86
		{73AE0F55-4559-4F4A-9D84-819B63951AB3}.Linux|x64.ActiveCfg = Release|x86
		{73AE0F55-4559-4F4A-9D84-819B63951AB3}.Linux|x64.Build.0 = Release|x86
		{73AE0F55-4559-4F4A-9D84-819B63951AB3}.Linux|x86.ActiveCfg = Release|x86
		{73AE0F55-4559-4F4A-9D84-819B63951AB3}.Linux|x86.Build.0 = Release|x86
		{73AE0F55-4559-4F4A-9D84-819B63951AB3}.OSX|Any CPU.ActiveCfg = Release|x86
		{73AE0F55-4559-4F4A-9D84-819B63951AB3}.OSX|Any CPU.Build.0 = Release|x86
		{73AE0F55-4559-4F4A-9D84-819B63951AB3}.OSX|ARM.ActiveCfg = Release|x86
		{73AE0F55-4559-4F4A-9D84-819B63951AB3}.OSX|ARM.Build.0 = Release|x86
		{73AE0F55-4559-4F4A-9D84-819B63951AB3}.OSX|Mixed Platforms.ActiveCfg = Release|x86
		{73AE0F55-4559-4F4A-9D84-819B63951AB3}.OSX|Mixed Platforms.Build.0 = Release|x86
		{73AE0F55-4559-4F4A-9D84-819B63951AB3}.OSX|Windows Phone.ActiveCfg = Release|x86
		{73AE0F55-4559-4F4A-9D84-819B63951AB3}.OSX|Windows Phone.Build.0 = Release|x86
		{73AE0F55-4559-4F4A-9D84-819B63951AB3}.OSX|x64.ActiveCfg = Release|x86
		{73AE0F55-4559-4F4A-9D84-819B63951AB3}.OSX|x64.Build.0 = Release|x86
		{73AE0F55-4559-4F4A-9D84-819B63951AB3}.OSX|x86.ActiveCfg = Release|x86
		{73AE0F55-4559-4F4A-9D84-819B63951AB3}.OSX|x86.Build.0 = Release|x86
		{73AE0F55-4559-4F4A-9D84-819B63951AB3}.PSM|Any CPU.ActiveCfg = Release|x86
		{73AE0F55-4559-4F4A-9D84-819B63951AB3}.PSM|Any CPU.Build.0 = Release|x86
		{73AE0F55-4559-4F4A-9D84-819B63951AB3}.PSM|ARM.ActiveCfg = Release|x86
		{73AE0F55-4559-4F4A-9D84-819B63951AB3}.PSM|ARM.Build.0 = Release|x86
		{73AE0F55-4559-4F4A-9D84-819B63951AB3}.PSM|Mixed Platforms.ActiveCfg = Release|x86
		{73AE0F55-4559-4F4A-9D84-819B63951AB3}.PSM|Mixed Platforms.Build.0 = Release|x86
		{73AE0F55-4559-4F4A-9D84-819B63951AB3}.PSM|Windows Phone.ActiveCfg = Release|x86
		{73AE0F55-4559-4F4A-9D84-819B63951AB3}.PSM|Windows Phone.Build.0 = Release|x86
		{73AE0F55-4559-4F4A-9D84-819B63951AB3}.PSM|x64.ActiveCfg = Release|x86
		{73AE0F55-4559-4F4A-9D84-819B63951AB3}.PSM|x64.Build.0 = Release|x86
		{73AE0F55-4559-4F4A-9D84-819B63951AB3}.PSM|x86.ActiveCfg = Release|x86
		{73AE0F55-4559-4F4A-9D84-819B63951AB3}.PSM|x86.Build.0 = Release|x86
		{73AE0F55-4559-4F4A-9D84-819B63951AB3}.Release|Any CPU.ActiveCfg = Release|x86
		{73AE0F55-4559-4F4A-9D84-819B63951AB3}.Release|Any CPU.Build.0 = Release|x86
		{73AE0F55-4559-4F4A-9D84-819B63951AB3}.Release|ARM.ActiveCfg = Release|x86
		{73AE0F55-4559-4F4A-9D84-819B63951AB3}.Release|ARM.Build.0 = Release|x86
		{73AE0F55-4559-4F4A-9D84-819B63951AB3}.Release|Mixed Platforms.ActiveCfg = Release|x86
		{73AE0F55-4559-4F4A-9D84-819B63951AB3}.Release|Mixed Platforms.Build.0 = Release|x86
		{73AE0F55-4559-4F4A-9D84-819B63951AB3}.Release|Windows Phone.ActiveCfg = Release|x86
		{73AE0F55-4559-4F4A-9D84-819B63951AB3}.Release|Windows Phone.Build.0 = Release|x86
		{73AE0F55-4559-4F4A-9D84-819B63951AB3}.Release|x64.ActiveCfg = Release|x86
		{73AE0F55-4559-4F4A-9D84-819B63951AB3}.Release|x64.Build.0 = Release|x86
		{73AE0F55-4559-4F4A-9D84-819B63951AB3}.Release|x86.ActiveCfg = Release|x86
		{73AE0F55-4559-4F4A-9D84-819B63951AB3}.Release|x86.Build.0 = Release|x86
		{73AE0F55-4559-4F4A-9D84-819B63951AB3}.Windows|Any CPU.ActiveCfg = Release|x86
		{73AE0F55-4559-4F4A-9D84-819B63951AB3}.Windows|Any CPU.Build.0 = Release|x86
		{73AE0F55-4559-4F4A-9D84-819B63951AB3}.Windows|ARM.ActiveCfg = Release|x86
		{73AE0F55-4559-4F4A-9D84-819B63951AB3}.Windows|ARM.Build.0 = Release|x86
		{73AE0F55-4559-4F4A-9D84-819B63951AB3}.Windows|Mixed Platforms.ActiveCfg = Release|x86
		{73AE0F55-4559-4F4A-9D84-819B63951AB3}.Windows|Mixed Platforms.Build.0 = Release|x86
		{73AE0F55-4559-4F4A-9D84-819B63951AB3}.Windows|Windows Phone.ActiveCfg = Release|x86
		{73AE0F55-4559-4F4A-9D84-819B63951AB3}.Windows|Windows Phone.Build.0 = Release|x86
		{73AE0F55-4559-4F4A-9D84-819B63951AB3}.Windows|x64.ActiveCfg = Release|x86
		{73AE0F55-4559-4F4A-9D84-819B63951AB3}.Windows|x64.Build.0 = Release|x86
		{73AE0F55-4559-4F4A-9D84-819B63951AB3}.Windows|x86.ActiveCfg = Release|x86
		{73AE0F55-4559-4F4A-9D84-819B63951AB3}.Windows|x86.Build.0 = Release|x86
		{73AE0F55-4559-4F4A-9D84-819B63951AB3}.Windows8|Any CPU.ActiveCfg = Release|x86
		{73AE0F55-4559-4F4A-9D84-819B63951AB3}.Windows8|Any CPU.Build.0 = Release|x86
		{73AE0F55-4559-4F4A-9D84-819B63951AB3}.Windows8|ARM.ActiveCfg = Release|x86
		{73AE0F55-4559-4F4A-9D84-819B63951AB3}.Windows8|ARM.Build.0 = Release|x86
		{73AE0F55-4559-4F4A-9D84-819B63951AB3}.Windows8|Mixed Platforms.ActiveCfg = Release|x86
		{73AE0F55-4559-4F4A-9D84-819B63951AB3}.Windows8|Mixed Platforms.Build.0 = Release|x86
		{73AE0F55-4559-4F4A-9D84-819B63951AB3}.Windows8|Windows Phone.ActiveCfg = Release|x86
		{73AE0F55-4559-4F4A-9D84-819B63951AB3}.Windows8|Windows Phone.Build.0 = Release|x86
		{73AE0F55-4559-4F4A-9D84-819B63951AB3}.Windows8|x64.ActiveCfg = Release|x86
		{73AE0F55-4559-4F4A-9D84-819B63951AB3}.Windows8|x64.Build.0 = Release|x86
		{73AE0F55-4559-4F4A-9D84-819B63951AB3}.Windows8|x86.ActiveCfg = Release|x86
		{73AE0F55-4559-4F4A-9D84-819B63951AB3}.Windows8|x86.Build.0 = Release|x86
		{FACBC1E5-1AEC-4E77-8E98-564FC3CBF074}.Android|Any CPU.ActiveCfg = Release|Any CPU
		{FACBC1E5-1AEC-4E77-8E98-564FC3CBF074}.Android|Any CPU.Build.0 = Release|Any CPU
		{FACBC1E5-1AEC-4E77-8E98-564FC3CBF074}.Android|Any CPU.Deploy.0 = Release|Any CPU
		{FACBC1E5-1AEC-4E77-8E98-564FC3CBF074}.Android|ARM.ActiveCfg = Release|ARM
		{FACBC1E5-1AEC-4E77-8E98-564FC3CBF074}.Android|ARM.Build.0 = Release|ARM
		{FACBC1E5-1AEC-4E77-8E98-564FC3CBF074}.Android|ARM.Deploy.0 = Release|ARM
		{FACBC1E5-1AEC-4E77-8E98-564FC3CBF074}.Android|Mixed Platforms.ActiveCfg = Release|x86
		{FACBC1E5-1AEC-4E77-8E98-564FC3CBF074}.Android|Mixed Platforms.Build.0 = Release|x86
		{FACBC1E5-1AEC-4E77-8E98-564FC3CBF074}.Android|Mixed Platforms.Deploy.0 = Release|x86
		{FACBC1E5-1AEC-4E77-8E98-564FC3CBF074}.Android|Windows Phone.ActiveCfg = Release|Any CPU
		{FACBC1E5-1AEC-4E77-8E98-564FC3CBF074}.Android|x64.ActiveCfg = Release|x64
		{FACBC1E5-1AEC-4E77-8E98-564FC3CBF074}.Android|x64.Build.0 = Release|x64
		{FACBC1E5-1AEC-4E77-8E98-564FC3CBF074}.Android|x64.Deploy.0 = Release|x64
		{FACBC1E5-1AEC-4E77-8E98-564FC3CBF074}.Android|x86.ActiveCfg = Release|x86
		{FACBC1E5-1AEC-4E77-8E98-564FC3CBF074}.Android|x86.Build.0 = Release|x86
		{FACBC1E5-1AEC-4E77-8E98-564FC3CBF074}.Android|x86.Deploy.0 = Release|x86
		{FACBC1E5-1AEC-4E77-8E98-564FC3CBF074}.Debug|Any CPU.ActiveCfg = Debug|Any CPU
		{FACBC1E5-1AEC-4E77-8E98-564FC3CBF074}.Debug|Any CPU.Build.0 = Debug|Any CPU
		{FACBC1E5-1AEC-4E77-8E98-564FC3CBF074}.Debug|Any CPU.Deploy.0 = Debug|Any CPU
		{FACBC1E5-1AEC-4E77-8E98-564FC3CBF074}.Debug|ARM.ActiveCfg = Debug|ARM
		{FACBC1E5-1AEC-4E77-8E98-564FC3CBF074}.Debug|ARM.Build.0 = Debug|ARM
		{FACBC1E5-1AEC-4E77-8E98-564FC3CBF074}.Debug|ARM.Deploy.0 = Debug|ARM
		{FACBC1E5-1AEC-4E77-8E98-564FC3CBF074}.Debug|Mixed Platforms.ActiveCfg = Debug|Any CPU
		{FACBC1E5-1AEC-4E77-8E98-564FC3CBF074}.Debug|Mixed Platforms.Build.0 = Debug|Any CPU
		{FACBC1E5-1AEC-4E77-8E98-564FC3CBF074}.Debug|Mixed Platforms.Deploy.0 = Debug|Any CPU
		{FACBC1E5-1AEC-4E77-8E98-564FC3CBF074}.Debug|Windows Phone.ActiveCfg = Debug|Any CPU
		{FACBC1E5-1AEC-4E77-8E98-564FC3CBF074}.Debug|x64.ActiveCfg = Debug|x64
		{FACBC1E5-1AEC-4E77-8E98-564FC3CBF074}.Debug|x64.Build.0 = Debug|x64
		{FACBC1E5-1AEC-4E77-8E98-564FC3CBF074}.Debug|x64.Deploy.0 = Debug|x64
		{FACBC1E5-1AEC-4E77-8E98-564FC3CBF074}.Debug|x86.ActiveCfg = Debug|x86
		{FACBC1E5-1AEC-4E77-8E98-564FC3CBF074}.Debug|x86.Build.0 = Debug|x86
		{FACBC1E5-1AEC-4E77-8E98-564FC3CBF074}.Debug|x86.Deploy.0 = Debug|x86
		{FACBC1E5-1AEC-4E77-8E98-564FC3CBF074}.iOS|Any CPU.ActiveCfg = Release|Any CPU
		{FACBC1E5-1AEC-4E77-8E98-564FC3CBF074}.iOS|Any CPU.Build.0 = Release|Any CPU
		{FACBC1E5-1AEC-4E77-8E98-564FC3CBF074}.iOS|Any CPU.Deploy.0 = Release|Any CPU
		{FACBC1E5-1AEC-4E77-8E98-564FC3CBF074}.iOS|ARM.ActiveCfg = Release|ARM
		{FACBC1E5-1AEC-4E77-8E98-564FC3CBF074}.iOS|ARM.Build.0 = Release|ARM
		{FACBC1E5-1AEC-4E77-8E98-564FC3CBF074}.iOS|ARM.Deploy.0 = Release|ARM
		{FACBC1E5-1AEC-4E77-8E98-564FC3CBF074}.iOS|Mixed Platforms.ActiveCfg = Release|x86
		{FACBC1E5-1AEC-4E77-8E98-564FC3CBF074}.iOS|Mixed Platforms.Build.0 = Release|x86
		{FACBC1E5-1AEC-4E77-8E98-564FC3CBF074}.iOS|Mixed Platforms.Deploy.0 = Release|x86
		{FACBC1E5-1AEC-4E77-8E98-564FC3CBF074}.iOS|Windows Phone.ActiveCfg = Release|Any CPU
		{FACBC1E5-1AEC-4E77-8E98-564FC3CBF074}.iOS|x64.ActiveCfg = Release|x64
		{FACBC1E5-1AEC-4E77-8E98-564FC3CBF074}.iOS|x64.Build.0 = Release|x64
		{FACBC1E5-1AEC-4E77-8E98-564FC3CBF074}.iOS|x64.Deploy.0 = Release|x64
		{FACBC1E5-1AEC-4E77-8E98-564FC3CBF074}.iOS|x86.ActiveCfg = Release|x86
		{FACBC1E5-1AEC-4E77-8E98-564FC3CBF074}.iOS|x86.Build.0 = Release|x86
		{FACBC1E5-1AEC-4E77-8E98-564FC3CBF074}.iOS|x86.Deploy.0 = Release|x86
		{FACBC1E5-1AEC-4E77-8E98-564FC3CBF074}.Linux|Any CPU.ActiveCfg = Release|Any CPU
		{FACBC1E5-1AEC-4E77-8E98-564FC3CBF074}.Linux|Any CPU.Build.0 = Release|Any CPU
		{FACBC1E5-1AEC-4E77-8E98-564FC3CBF074}.Linux|Any CPU.Deploy.0 = Release|Any CPU
		{FACBC1E5-1AEC-4E77-8E98-564FC3CBF074}.Linux|ARM.ActiveCfg = Release|ARM
		{FACBC1E5-1AEC-4E77-8E98-564FC3CBF074}.Linux|ARM.Build.0 = Release|ARM
		{FACBC1E5-1AEC-4E77-8E98-564FC3CBF074}.Linux|ARM.Deploy.0 = Release|ARM
		{FACBC1E5-1AEC-4E77-8E98-564FC3CBF074}.Linux|Mixed Platforms.ActiveCfg = Release|x86
		{FACBC1E5-1AEC-4E77-8E98-564FC3CBF074}.Linux|Mixed Platforms.Build.0 = Release|x86
		{FACBC1E5-1AEC-4E77-8E98-564FC3CBF074}.Linux|Mixed Platforms.Deploy.0 = Release|x86
		{FACBC1E5-1AEC-4E77-8E98-564FC3CBF074}.Linux|Windows Phone.ActiveCfg = Release|Any CPU
		{FACBC1E5-1AEC-4E77-8E98-564FC3CBF074}.Linux|x64.ActiveCfg = Release|x64
		{FACBC1E5-1AEC-4E77-8E98-564FC3CBF074}.Linux|x64.Build.0 = Release|x64
		{FACBC1E5-1AEC-4E77-8E98-564FC3CBF074}.Linux|x64.Deploy.0 = Release|x64
		{FACBC1E5-1AEC-4E77-8E98-564FC3CBF074}.Linux|x86.ActiveCfg = Release|x86
		{FACBC1E5-1AEC-4E77-8E98-564FC3CBF074}.Linux|x86.Build.0 = Release|x86
		{FACBC1E5-1AEC-4E77-8E98-564FC3CBF074}.Linux|x86.Deploy.0 = Release|x86
		{FACBC1E5-1AEC-4E77-8E98-564FC3CBF074}.OSX|Any CPU.ActiveCfg = Release|Any CPU
		{FACBC1E5-1AEC-4E77-8E98-564FC3CBF074}.OSX|Any CPU.Build.0 = Release|Any CPU
		{FACBC1E5-1AEC-4E77-8E98-564FC3CBF074}.OSX|Any CPU.Deploy.0 = Release|Any CPU
		{FACBC1E5-1AEC-4E77-8E98-564FC3CBF074}.OSX|ARM.ActiveCfg = Release|ARM
		{FACBC1E5-1AEC-4E77-8E98-564FC3CBF074}.OSX|ARM.Build.0 = Release|ARM
		{FACBC1E5-1AEC-4E77-8E98-564FC3CBF074}.OSX|ARM.Deploy.0 = Release|ARM
		{FACBC1E5-1AEC-4E77-8E98-564FC3CBF074}.OSX|Mixed Platforms.ActiveCfg = Release|x86
		{FACBC1E5-1AEC-4E77-8E98-564FC3CBF074}.OSX|Mixed Platforms.Build.0 = Release|x86
		{FACBC1E5-1AEC-4E77-8E98-564FC3CBF074}.OSX|Mixed Platforms.Deploy.0 = Release|x86
		{FACBC1E5-1AEC-4E77-8E98-564FC3CBF074}.OSX|Windows Phone.ActiveCfg = Release|Any CPU
		{FACBC1E5-1AEC-4E77-8E98-564FC3CBF074}.OSX|x64.ActiveCfg = Release|x64
		{FACBC1E5-1AEC-4E77-8E98-564FC3CBF074}.OSX|x64.Build.0 = Release|x64
		{FACBC1E5-1AEC-4E77-8E98-564FC3CBF074}.OSX|x64.Deploy.0 = Release|x64
		{FACBC1E5-1AEC-4E77-8E98-564FC3CBF074}.OSX|x86.ActiveCfg = Release|x86
		{FACBC1E5-1AEC-4E77-8E98-564FC3CBF074}.OSX|x86.Build.0 = Release|x86
		{FACBC1E5-1AEC-4E77-8E98-564FC3CBF074}.OSX|x86.Deploy.0 = Release|x86
		{FACBC1E5-1AEC-4E77-8E98-564FC3CBF074}.PSM|Any CPU.ActiveCfg = Release|Any CPU
		{FACBC1E5-1AEC-4E77-8E98-564FC3CBF074}.PSM|Any CPU.Build.0 = Release|Any CPU
		{FACBC1E5-1AEC-4E77-8E98-564FC3CBF074}.PSM|Any CPU.Deploy.0 = Release|Any CPU
		{FACBC1E5-1AEC-4E77-8E98-564FC3CBF074}.PSM|ARM.ActiveCfg = Release|ARM
		{FACBC1E5-1AEC-4E77-8E98-564FC3CBF074}.PSM|ARM.Build.0 = Release|ARM
		{FACBC1E5-1AEC-4E77-8E98-564FC3CBF074}.PSM|ARM.Deploy.0 = Release|ARM
		{FACBC1E5-1AEC-4E77-8E98-564FC3CBF074}.PSM|Mixed Platforms.ActiveCfg = Release|x86
		{FACBC1E5-1AEC-4E77-8E98-564FC3CBF074}.PSM|Mixed Platforms.Build.0 = Release|x86
		{FACBC1E5-1AEC-4E77-8E98-564FC3CBF074}.PSM|Mixed Platforms.Deploy.0 = Release|x86
		{FACBC1E5-1AEC-4E77-8E98-564FC3CBF074}.PSM|Windows Phone.ActiveCfg = Release|Any CPU
		{FACBC1E5-1AEC-4E77-8E98-564FC3CBF074}.PSM|x64.ActiveCfg = Release|x64
		{FACBC1E5-1AEC-4E77-8E98-564FC3CBF074}.PSM|x64.Build.0 = Release|x64
		{FACBC1E5-1AEC-4E77-8E98-564FC3CBF074}.PSM|x64.Deploy.0 = Release|x64
		{FACBC1E5-1AEC-4E77-8E98-564FC3CBF074}.PSM|x86.ActiveCfg = Release|x86
		{FACBC1E5-1AEC-4E77-8E98-564FC3CBF074}.PSM|x86.Build.0 = Release|x86
		{FACBC1E5-1AEC-4E77-8E98-564FC3CBF074}.PSM|x86.Deploy.0 = Release|x86
		{FACBC1E5-1AEC-4E77-8E98-564FC3CBF074}.Release|Any CPU.ActiveCfg = Release|Any CPU
		{FACBC1E5-1AEC-4E77-8E98-564FC3CBF074}.Release|Any CPU.Build.0 = Release|Any CPU
		{FACBC1E5-1AEC-4E77-8E98-564FC3CBF074}.Release|Any CPU.Deploy.0 = Release|Any CPU
		{FACBC1E5-1AEC-4E77-8E98-564FC3CBF074}.Release|ARM.ActiveCfg = Release|ARM
		{FACBC1E5-1AEC-4E77-8E98-564FC3CBF074}.Release|ARM.Build.0 = Release|ARM
		{FACBC1E5-1AEC-4E77-8E98-564FC3CBF074}.Release|ARM.Deploy.0 = Release|ARM
		{FACBC1E5-1AEC-4E77-8E98-564FC3CBF074}.Release|Mixed Platforms.ActiveCfg = Release|x86
		{FACBC1E5-1AEC-4E77-8E98-564FC3CBF074}.Release|Mixed Platforms.Build.0 = Release|x86
		{FACBC1E5-1AEC-4E77-8E98-564FC3CBF074}.Release|Mixed Platforms.Deploy.0 = Release|x86
		{FACBC1E5-1AEC-4E77-8E98-564FC3CBF074}.Release|Windows Phone.ActiveCfg = Release|Any CPU
		{FACBC1E5-1AEC-4E77-8E98-564FC3CBF074}.Release|x64.ActiveCfg = Release|x64
		{FACBC1E5-1AEC-4E77-8E98-564FC3CBF074}.Release|x64.Build.0 = Release|x64
		{FACBC1E5-1AEC-4E77-8E98-564FC3CBF074}.Release|x64.Deploy.0 = Release|x64
		{FACBC1E5-1AEC-4E77-8E98-564FC3CBF074}.Release|x86.ActiveCfg = Release|x86
		{FACBC1E5-1AEC-4E77-8E98-564FC3CBF074}.Release|x86.Build.0 = Release|x86
		{FACBC1E5-1AEC-4E77-8E98-564FC3CBF074}.Release|x86.Deploy.0 = Release|x86
		{FACBC1E5-1AEC-4E77-8E98-564FC3CBF074}.Windows|Any CPU.ActiveCfg = Release|Any CPU
		{FACBC1E5-1AEC-4E77-8E98-564FC3CBF074}.Windows|Any CPU.Build.0 = Release|Any CPU
		{FACBC1E5-1AEC-4E77-8E98-564FC3CBF074}.Windows|Any CPU.Deploy.0 = Release|Any CPU
		{FACBC1E5-1AEC-4E77-8E98-564FC3CBF074}.Windows|ARM.ActiveCfg = Release|ARM
		{FACBC1E5-1AEC-4E77-8E98-564FC3CBF074}.Windows|ARM.Build.0 = Release|ARM
		{FACBC1E5-1AEC-4E77-8E98-564FC3CBF074}.Windows|ARM.Deploy.0 = Release|ARM
		{FACBC1E5-1AEC-4E77-8E98-564FC3CBF074}.Windows|Mixed Platforms.ActiveCfg = Release|x86
		{FACBC1E5-1AEC-4E77-8E98-564FC3CBF074}.Windows|Mixed Platforms.Build.0 = Release|x86
		{FACBC1E5-1AEC-4E77-8E98-564FC3CBF074}.Windows|Mixed Platforms.Deploy.0 = Release|x86
		{FACBC1E5-1AEC-4E77-8E98-564FC3CBF074}.Windows|Windows Phone.ActiveCfg = Release|Any CPU
		{FACBC1E5-1AEC-4E77-8E98-564FC3CBF074}.Windows|x64.ActiveCfg = Release|x64
		{FACBC1E5-1AEC-4E77-8E98-564FC3CBF074}.Windows|x64.Build.0 = Release|x64
		{FACBC1E5-1AEC-4E77-8E98-564FC3CBF074}.Windows|x64.Deploy.0 = Release|x64
		{FACBC1E5-1AEC-4E77-8E98-564FC3CBF074}.Windows|x86.ActiveCfg = Release|x86
		{FACBC1E5-1AEC-4E77-8E98-564FC3CBF074}.Windows|x86.Build.0 = Release|x86
		{FACBC1E5-1AEC-4E77-8E98-564FC3CBF074}.Windows|x86.Deploy.0 = Release|x86
		{FACBC1E5-1AEC-4E77-8E98-564FC3CBF074}.Windows8|Any CPU.ActiveCfg = Release|Any CPU
		{FACBC1E5-1AEC-4E77-8E98-564FC3CBF074}.Windows8|Any CPU.Build.0 = Release|Any CPU
		{FACBC1E5-1AEC-4E77-8E98-564FC3CBF074}.Windows8|Any CPU.Deploy.0 = Release|Any CPU
		{FACBC1E5-1AEC-4E77-8E98-564FC3CBF074}.Windows8|ARM.ActiveCfg = Release|ARM
		{FACBC1E5-1AEC-4E77-8E98-564FC3CBF074}.Windows8|ARM.Build.0 = Release|ARM
		{FACBC1E5-1AEC-4E77-8E98-564FC3CBF074}.Windows8|ARM.Deploy.0 = Release|ARM
		{FACBC1E5-1AEC-4E77-8E98-564FC3CBF074}.Windows8|Mixed Platforms.ActiveCfg = Release|x86
		{FACBC1E5-1AEC-4E77-8E98-564FC3CBF074}.Windows8|Mixed Platforms.Build.0 = Release|x86
		{FACBC1E5-1AEC-4E77-8E98-564FC3CBF074}.Windows8|Mixed Platforms.Deploy.0 = Release|x86
		{FACBC1E5-1AEC-4E77-8E98-564FC3CBF074}.Windows8|Windows Phone.ActiveCfg = Release|Any CPU
		{FACBC1E5-1AEC-4E77-8E98-564FC3CBF074}.Windows8|x64.ActiveCfg = Release|x64
		{FACBC1E5-1AEC-4E77-8E98-564FC3CBF074}.Windows8|x64.Build.0 = Release|x64
		{FACBC1E5-1AEC-4E77-8E98-564FC3CBF074}.Windows8|x64.Deploy.0 = Release|x64
		{FACBC1E5-1AEC-4E77-8E98-564FC3CBF074}.Windows8|x86.ActiveCfg = Release|x86
		{FACBC1E5-1AEC-4E77-8E98-564FC3CBF074}.Windows8|x86.Build.0 = Release|x86
		{FACBC1E5-1AEC-4E77-8E98-564FC3CBF074}.Windows8|x86.Deploy.0 = Release|x86
		{2629F25E-A5EB-45DA-B963-E94A0E5A785B}.Android|Any CPU.ActiveCfg = Release|x86
		{2629F25E-A5EB-45DA-B963-E94A0E5A785B}.Android|ARM.ActiveCfg = Release|x86
		{2629F25E-A5EB-45DA-B963-E94A0E5A785B}.Android|Mixed Platforms.ActiveCfg = Release|x86
		{2629F25E-A5EB-45DA-B963-E94A0E5A785B}.Android|Mixed Platforms.Build.0 = Release|x86
		{2629F25E-A5EB-45DA-B963-E94A0E5A785B}.Android|Windows Phone.ActiveCfg = Release|x86
		{2629F25E-A5EB-45DA-B963-E94A0E5A785B}.Android|x64.ActiveCfg = Release|x86
		{2629F25E-A5EB-45DA-B963-E94A0E5A785B}.Android|x86.ActiveCfg = Release|x86
		{2629F25E-A5EB-45DA-B963-E94A0E5A785B}.Android|x86.Build.0 = Release|x86
		{2629F25E-A5EB-45DA-B963-E94A0E5A785B}.Debug|Any CPU.ActiveCfg = Debug|x86
		{2629F25E-A5EB-45DA-B963-E94A0E5A785B}.Debug|ARM.ActiveCfg = Debug|x86
		{2629F25E-A5EB-45DA-B963-E94A0E5A785B}.Debug|Mixed Platforms.ActiveCfg = Debug|x86
		{2629F25E-A5EB-45DA-B963-E94A0E5A785B}.Debug|Mixed Platforms.Build.0 = Debug|x86
		{2629F25E-A5EB-45DA-B963-E94A0E5A785B}.Debug|Windows Phone.ActiveCfg = Debug|x86
		{2629F25E-A5EB-45DA-B963-E94A0E5A785B}.Debug|x64.ActiveCfg = Debug|x86
		{2629F25E-A5EB-45DA-B963-E94A0E5A785B}.Debug|x86.ActiveCfg = Debug|x86
		{2629F25E-A5EB-45DA-B963-E94A0E5A785B}.Debug|x86.Build.0 = Debug|x86
		{2629F25E-A5EB-45DA-B963-E94A0E5A785B}.iOS|Any CPU.ActiveCfg = Release|x86
		{2629F25E-A5EB-45DA-B963-E94A0E5A785B}.iOS|ARM.ActiveCfg = Release|x86
		{2629F25E-A5EB-45DA-B963-E94A0E5A785B}.iOS|Mixed Platforms.ActiveCfg = Release|x86
		{2629F25E-A5EB-45DA-B963-E94A0E5A785B}.iOS|Mixed Platforms.Build.0 = Release|x86
		{2629F25E-A5EB-45DA-B963-E94A0E5A785B}.iOS|Windows Phone.ActiveCfg = Release|x86
		{2629F25E-A5EB-45DA-B963-E94A0E5A785B}.iOS|x64.ActiveCfg = Release|x86
		{2629F25E-A5EB-45DA-B963-E94A0E5A785B}.iOS|x86.ActiveCfg = Release|x86
		{2629F25E-A5EB-45DA-B963-E94A0E5A785B}.iOS|x86.Build.0 = Release|x86
		{2629F25E-A5EB-45DA-B963-E94A0E5A785B}.Linux|Any CPU.ActiveCfg = Release|x86
		{2629F25E-A5EB-45DA-B963-E94A0E5A785B}.Linux|ARM.ActiveCfg = Release|x86
		{2629F25E-A5EB-45DA-B963-E94A0E5A785B}.Linux|Mixed Platforms.ActiveCfg = Release|x86
		{2629F25E-A5EB-45DA-B963-E94A0E5A785B}.Linux|Mixed Platforms.Build.0 = Release|x86
		{2629F25E-A5EB-45DA-B963-E94A0E5A785B}.Linux|Windows Phone.ActiveCfg = Release|x86
		{2629F25E-A5EB-45DA-B963-E94A0E5A785B}.Linux|x64.ActiveCfg = Release|x86
		{2629F25E-A5EB-45DA-B963-E94A0E5A785B}.Linux|x86.ActiveCfg = Release|x86
		{2629F25E-A5EB-45DA-B963-E94A0E5A785B}.Linux|x86.Build.0 = Release|x86
		{2629F25E-A5EB-45DA-B963-E94A0E5A785B}.OSX|Any CPU.ActiveCfg = Release|x86
		{2629F25E-A5EB-45DA-B963-E94A0E5A785B}.OSX|ARM.ActiveCfg = Release|x86
		{2629F25E-A5EB-45DA-B963-E94A0E5A785B}.OSX|Mixed Platforms.ActiveCfg = Release|x86
		{2629F25E-A5EB-45DA-B963-E94A0E5A785B}.OSX|Mixed Platforms.Build.0 = Release|x86
		{2629F25E-A5EB-45DA-B963-E94A0E5A785B}.OSX|Windows Phone.ActiveCfg = Release|x86
		{2629F25E-A5EB-45DA-B963-E94A0E5A785B}.OSX|x64.ActiveCfg = Release|x86
		{2629F25E-A5EB-45DA-B963-E94A0E5A785B}.OSX|x86.ActiveCfg = Release|x86
		{2629F25E-A5EB-45DA-B963-E94A0E5A785B}.OSX|x86.Build.0 = Release|x86
		{2629F25E-A5EB-45DA-B963-E94A0E5A785B}.PSM|Any CPU.ActiveCfg = Release|x86
		{2629F25E-A5EB-45DA-B963-E94A0E5A785B}.PSM|ARM.ActiveCfg = Release|x86
		{2629F25E-A5EB-45DA-B963-E94A0E5A785B}.PSM|Mixed Platforms.ActiveCfg = Release|x86
		{2629F25E-A5EB-45DA-B963-E94A0E5A785B}.PSM|Mixed Platforms.Build.0 = Release|x86
		{2629F25E-A5EB-45DA-B963-E94A0E5A785B}.PSM|Windows Phone.ActiveCfg = Release|x86
		{2629F25E-A5EB-45DA-B963-E94A0E5A785B}.PSM|x64.ActiveCfg = Release|x86
		{2629F25E-A5EB-45DA-B963-E94A0E5A785B}.PSM|x86.ActiveCfg = Release|x86
		{2629F25E-A5EB-45DA-B963-E94A0E5A785B}.PSM|x86.Build.0 = Release|x86
		{2629F25E-A5EB-45DA-B963-E94A0E5A785B}.Release|Any CPU.ActiveCfg = Release|x86
		{2629F25E-A5EB-45DA-B963-E94A0E5A785B}.Release|ARM.ActiveCfg = Release|x86
		{2629F25E-A5EB-45DA-B963-E94A0E5A785B}.Release|Mixed Platforms.ActiveCfg = Release|x86
		{2629F25E-A5EB-45DA-B963-E94A0E5A785B}.Release|Mixed Platforms.Build.0 = Release|x86
		{2629F25E-A5EB-45DA-B963-E94A0E5A785B}.Release|Windows Phone.ActiveCfg = Release|x86
		{2629F25E-A5EB-45DA-B963-E94A0E5A785B}.Release|x64.ActiveCfg = Release|x86
		{2629F25E-A5EB-45DA-B963-E94A0E5A785B}.Release|x86.ActiveCfg = Release|x86
		{2629F25E-A5EB-45DA-B963-E94A0E5A785B}.Release|x86.Build.0 = Release|x86
		{2629F25E-A5EB-45DA-B963-E94A0E5A785B}.Windows|Any CPU.ActiveCfg = Release|x86
		{2629F25E-A5EB-45DA-B963-E94A0E5A785B}.Windows|ARM.ActiveCfg = Release|x86
		{2629F25E-A5EB-45DA-B963-E94A0E5A785B}.Windows|Mixed Platforms.ActiveCfg = Release|x86
		{2629F25E-A5EB-45DA-B963-E94A0E5A785B}.Windows|Mixed Platforms.Build.0 = Release|x86
		{2629F25E-A5EB-45DA-B963-E94A0E5A785B}.Windows|Windows Phone.ActiveCfg = Release|x86
		{2629F25E-A5EB-45DA-B963-E94A0E5A785B}.Windows|x64.ActiveCfg = Release|x86
		{2629F25E-A5EB-45DA-B963-E94A0E5A785B}.Windows|x86.ActiveCfg = Release|x86
		{2629F25E-A5EB-45DA-B963-E94A0E5A785B}.Windows|x86.Build.0 = Release|x86
		{2629F25E-A5EB-45DA-B963-E94A0E5A785B}.Windows8|Any CPU.ActiveCfg = Release|x86
		{2629F25E-A5EB-45DA-B963-E94A0E5A785B}.Windows8|ARM.ActiveCfg = Release|x86
		{2629F25E-A5EB-45DA-B963-E94A0E5A785B}.Windows8|Mixed Platforms.ActiveCfg = Release|x86
		{2629F25E-A5EB-45DA-B963-E94A0E5A785B}.Windows8|Mixed Platforms.Build.0 = Release|x86
		{2629F25E-A5EB-45DA-B963-E94A0E5A785B}.Windows8|Windows Phone.ActiveCfg = Release|x86
		{2629F25E-A5EB-45DA-B963-E94A0E5A785B}.Windows8|x64.ActiveCfg = Release|x86
		{2629F25E-A5EB-45DA-B963-E94A0E5A785B}.Windows8|x86.ActiveCfg = Release|x86
		{2629F25E-A5EB-45DA-B963-E94A0E5A785B}.Windows8|x86.Build.0 = Release|x86
	EndGlobalSection
	GlobalSection(SolutionProperties) = preSolution
		HideSolutionNode = FALSE
	EndGlobalSection
	GlobalSection(NestedProjects) = preSolution
		{09FA048F-F6A1-4611-8765-6FD6A9792136} = {8CDDE9B1-0E23-48AC-87C9-ABA76CE31ECA}
		{D70BC9B4-1F48-4D64-AAB4-615B1292FE74} = {8CDDE9B1-0E23-48AC-87C9-ABA76CE31ECA}
		{F311C413-E175-485E-8A93-799AB971CA09} = {8CDDE9B1-0E23-48AC-87C9-ABA76CE31ECA}
		{44FAB0AC-73C8-459D-AAF8-2257C4BAF5F4} = {8CDDE9B1-0E23-48AC-87C9-ABA76CE31ECA}
		{73AE0F55-4559-4F4A-9D84-819B63951AB3} = {8CDDE9B1-0E23-48AC-87C9-ABA76CE31ECA}
	EndGlobalSection
EndGlobal
